// !$*UTF8*$!
{
	archiveVersion = 1;
	classes = {
	};
	objectVersion = 46;
	objects = {

/* Begin PBXBuildFile section */
		8701987B1AE61FCA0073BFD5 /* UIImageExtension.swift in Sources */ = {isa = PBXBuildFile; fileRef = 8701987A1AE61FCA0073BFD5 /* UIImageExtension.swift */; };
		8704B9F020A001DE009AF20B /* AnimationParameters.swift in Sources */ = {isa = PBXBuildFile; fileRef = 8704B9EF20A001DE009AF20B /* AnimationParameters.swift */; };
		8704B9F220A00218009AF20B /* GlobalAnimationState.swift in Sources */ = {isa = PBXBuildFile; fileRef = 8704B9F120A00218009AF20B /* GlobalAnimationState.swift */; };
		8704B9F420A0025D009AF20B /* Interface.swift in Sources */ = {isa = PBXBuildFile; fileRef = 8704B9F320A0025D009AF20B /* Interface.swift */; };
		8704B9F620A002AE009AF20B /* AnimatableInterface.swift in Sources */ = {isa = PBXBuildFile; fileRef = 8704B9F520A002AE009AF20B /* AnimatableInterface.swift */; };
		8704B9FB20A00A08009AF20B /* Deprecated.swift in Sources */ = {isa = PBXBuildFile; fileRef = 8704B9FA20A00A08009AF20B /* Deprecated.swift */; };
		8705209D1AEF8799008C9555 /* ArrayExtension.swift in Sources */ = {isa = PBXBuildFile; fileRef = 8705209C1AEF8799008C9555 /* ArrayExtension.swift */; };
		870DFB831B532A9200BC76D7 /* DoubleExtension.swift in Sources */ = {isa = PBXBuildFile; fileRef = 870DFB821B532A9200BC76D7 /* DoubleExtension.swift */; };
		8712689A1FE0792C00199663 /* RangeExtension.swift in Sources */ = {isa = PBXBuildFile; fileRef = 871268991FE0792C00199663 /* RangeExtension.swift */; };
		871280701B4C5D410005716F /* NSDateExtension.swift in Sources */ = {isa = PBXBuildFile; fileRef = 8712806F1B4C5D410005716F /* NSDateExtension.swift */; };
		87128B671AFDDC1C00D1F34A /* UIFontExtension.swift in Sources */ = {isa = PBXBuildFile; fileRef = 87128B661AFDDC1B00D1F34A /* UIFontExtension.swift */; };
		8712AF821FAB0FCD005DAB84 /* UITextFieldExtension.swift in Sources */ = {isa = PBXBuildFile; fileRef = 8712AF811FAB0FCD005DAB84 /* UITextFieldExtension.swift */; };
		871BAB9B20BD465F0065AB54 /* Font.swift in Sources */ = {isa = PBXBuildFile; fileRef = 871BAB9A20BD465F0065AB54 /* Font.swift */; };
		871BABA220BD46D80065AB54 /* Font-Family.swift in Sources */ = {isa = PBXBuildFile; fileRef = 871BABA120BD46D80065AB54 /* Font-Family.swift */; };
		871BABA420BD4B100065AB54 /* Font-Weight.swift in Sources */ = {isa = PBXBuildFile; fileRef = 871BABA320BD4B100065AB54 /* Font-Weight.swift */; };
		871FE72320DA43F900B2C3AB /* PassthroughView.swift in Sources */ = {isa = PBXBuildFile; fileRef = 871FE72220DA43F900B2C3AB /* PassthroughView.swift */; };
		871FE72520DA442A00B2C3AB /* PassthroughVisualOutlet.swift in Sources */ = {isa = PBXBuildFile; fileRef = 871FE72420DA442A00B2C3AB /* PassthroughVisualOutlet.swift */; };
		871FE72720DA45DC00B2C3AB /* PassthroughVisualOutletFactory.swift in Sources */ = {isa = PBXBuildFile; fileRef = 871FE72620DA45DC00B2C3AB /* PassthroughVisualOutletFactory.swift */; };
		871FE72920DA462100B2C3AB /* iOSPassthroughVisualOutlet.swift in Sources */ = {isa = PBXBuildFile; fileRef = 871FE72820DA462100B2C3AB /* iOSPassthroughVisualOutlet.swift */; };
		871FE72B20DA469900B2C3AB /* iOSVisualOutlet.swift in Sources */ = {isa = PBXBuildFile; fileRef = 871FE72A20DA469900B2C3AB /* iOSVisualOutlet.swift */; };
		871FE72D20DA473B00B2C3AB /* iOSTextVisualOutlet.swift in Sources */ = {isa = PBXBuildFile; fileRef = 871FE72C20DA473B00B2C3AB /* iOSTextVisualOutlet.swift */; };
		8721FF2B1B6ECE37000EB3CB /* JABLocationTester.swift in Sources */ = {isa = PBXBuildFile; fileRef = 8721FF2A1B6ECE37000EB3CB /* JABLocationTester.swift */; };
		872B6A011BE1A9B600916EE8 /* SRTCamera.swift in Sources */ = {isa = PBXBuildFile; fileRef = 872B6A001BE1A9B600916EE8 /* SRTCamera.swift */; };
		873441D52090627C001FE70E /* NSObjectProtocolExtension.swift in Sources */ = {isa = PBXBuildFile; fileRef = 873441D42090627C001FE70E /* NSObjectProtocolExtension.swift */; };
		87389F781D4719D500F0116B /* black.jpg in Resources */ = {isa = PBXBuildFile; fileRef = 87389F771D4719D500F0116B /* black.jpg */; };
		873F97E120B696F500978F38 /* Point.swift in Sources */ = {isa = PBXBuildFile; fileRef = 873F97E020B696F500978F38 /* Point.swift */; };
		873F97E320B6977400978F38 /* Size.swift in Sources */ = {isa = PBXBuildFile; fileRef = 873F97E220B6977400978F38 /* Size.swift */; };
		873F97E520B6978700978F38 /* Rect.swift in Sources */ = {isa = PBXBuildFile; fileRef = 873F97E420B6978700978F38 /* Rect.swift */; };
		873F97E720B697AE00978F38 /* Color.swift in Sources */ = {isa = PBXBuildFile; fileRef = 873F97E620B697AE00978F38 /* Color.swift */; };
		873F97EB20B6982B00978F38 /* VisualOutlet.swift in Sources */ = {isa = PBXBuildFile; fileRef = 873F97EA20B6982B00978F38 /* VisualOutlet.swift */; };
		873F97ED20B6984700978F38 /* View.swift in Sources */ = {isa = PBXBuildFile; fileRef = 873F97EC20B6984700978F38 /* View.swift */; };
		873F97EF20B6B3AB00978F38 /* CALayerExpressible.swift in Sources */ = {isa = PBXBuildFile; fileRef = 873F97EE20B6B3AB00978F38 /* CALayerExpressible.swift */; };
		873F97F120B6B9E400978F38 /* UIBezierPathExtension.swift in Sources */ = {isa = PBXBuildFile; fileRef = 873F97F020B6B9E400978F38 /* UIBezierPathExtension.swift */; };
		873F97F420B6C3C900978F38 /* UniquelyIdentifiableObject.swift in Sources */ = {isa = PBXBuildFile; fileRef = 873F97F320B6C3C900978F38 /* UniquelyIdentifiableObject.swift */; };
		873F97F720BA8DBC00978F38 /* iOSTypeConversions.swift in Sources */ = {isa = PBXBuildFile; fileRef = 873F97F620BA8DBC00978F38 /* iOSTypeConversions.swift */; };
		873F97F920BA8DEF00978F38 /* SinglePropertyAnimation.swift in Sources */ = {isa = PBXBuildFile; fileRef = 873F97F820BA8DEF00978F38 /* SinglePropertyAnimation.swift */; };
		873F97FD20BBF24D00978F38 /* VisualOutletFactory.swift in Sources */ = {isa = PBXBuildFile; fileRef = 873F97FC20BBF24D00978F38 /* VisualOutletFactory.swift */; };
		874226F81F84CB3800C44DA5 /* CABasicAnimationExtension.swift in Sources */ = {isa = PBXBuildFile; fileRef = 874226F71F84CB3800C44DA5 /* CABasicAnimationExtension.swift */; };
		8745E86320CA796800F46260 /* iOSStringSizeCalculator.swift in Sources */ = {isa = PBXBuildFile; fileRef = 8745E86220CA796800F46260 /* iOSStringSizeCalculator.swift */; };
		8745E86520CBB02D00F46260 /* Button.swift in Sources */ = {isa = PBXBuildFile; fileRef = 8745E86420CBB02D00F46260 /* Button.swift */; };
		8745E86720CBB06300F46260 /* TouchableVisualOutlet.swift in Sources */ = {isa = PBXBuildFile; fileRef = 8745E86620CBB06300F46260 /* TouchableVisualOutlet.swift */; };
		8745E86920CBB0DE00F46260 /* TouchableView.swift in Sources */ = {isa = PBXBuildFile; fileRef = 8745E86820CBB0DE00F46260 /* TouchableView.swift */; };
		8745E86B20CBB11C00F46260 /* TouchableVisualOutletFactory.swift in Sources */ = {isa = PBXBuildFile; fileRef = 8745E86A20CBB11C00F46260 /* TouchableVisualOutletFactory.swift */; };
		8745E86D20CBB15600F46260 /* iOSTouchableVisualOutlet.swift in Sources */ = {isa = PBXBuildFile; fileRef = 8745E86C20CBB15600F46260 /* iOSTouchableVisualOutlet.swift */; };
		8745E87020CCBEE800F46260 /* TouchEvent.swift in Sources */ = {isa = PBXBuildFile; fileRef = 8745E86F20CCBEE800F46260 /* TouchEvent.swift */; };
		8749C9E820B0334F00066E17 /* CGColorExtension.swift in Sources */ = {isa = PBXBuildFile; fileRef = 8749C9E720B0334F00066E17 /* CGColorExtension.swift */; };
		874D00001B76C8F8002E1A32 /* MarshalOperator.swift in Sources */ = {isa = PBXBuildFile; fileRef = 874DFFFF1B76C8F8002E1A32 /* MarshalOperator.swift */; };
		874E9585207C97C00042FA2C /* JABPassthroughView.swift in Sources */ = {isa = PBXBuildFile; fileRef = 874E9584207C97C00042FA2C /* JABPassthroughView.swift */; };
		875068A220D0FB3E0041B135 /* AnimatableInterfaceForUIView.swift in Sources */ = {isa = PBXBuildFile; fileRef = 875068A120D0FB3E0041B135 /* AnimatableInterfaceForUIView.swift */; };
		875068A420D0FB5B0041B135 /* InterfaceForUIView.swift in Sources */ = {isa = PBXBuildFile; fileRef = 875068A320D0FB5A0041B135 /* InterfaceForUIView.swift */; };
		875444BB1AE1D01C00659E6B /* JABSwiftCore.h in Headers */ = {isa = PBXBuildFile; fileRef = 875444BA1AE1D01C00659E6B /* JABSwiftCore.h */; settings = {ATTRIBUTES = (Public, ); }; };
		875444C11AE1D01C00659E6B /* JABSwiftCore.framework in Frameworks */ = {isa = PBXBuildFile; fileRef = 875444B51AE1D01C00659E6B /* JABSwiftCore.framework */; };
		875444C81AE1D01C00659E6B /* JABSwiftCoreTests.swift in Sources */ = {isa = PBXBuildFile; fileRef = 875444C71AE1D01C00659E6B /* JABSwiftCoreTests.swift */; };
		875444D31AE1D02C00659E6B /* Toolkit.swift in Sources */ = {isa = PBXBuildFile; fileRef = 875444D11AE1D02C00659E6B /* Toolkit.swift */; };
		875444D41AE1D02C00659E6B /* JABGlobalVariables.swift in Sources */ = {isa = PBXBuildFile; fileRef = 875444D21AE1D02C00659E6B /* JABGlobalVariables.swift */; };
		875444D71AE1D03E00659E6B /* JABView.swift in Sources */ = {isa = PBXBuildFile; fileRef = 875444D61AE1D03E00659E6B /* JABView.swift */; };
		875444DA1AE1D04F00659E6B /* JABTouchableView.swift in Sources */ = {isa = PBXBuildFile; fileRef = 875444D91AE1D04F00659E6B /* JABTouchableView.swift */; };
		875444DC1AE1D05800659E6B /* JABTouchManager.swift in Sources */ = {isa = PBXBuildFile; fileRef = 875444DB1AE1D05800659E6B /* JABTouchManager.swift */; };
		875444DE1AE1D05E00659E6B /* JABButton.swift in Sources */ = {isa = PBXBuildFile; fileRef = 875444DD1AE1D05E00659E6B /* JABButton.swift */; };
		875444E01AE1D06500659E6B /* JABApplicationRoot.swift in Sources */ = {isa = PBXBuildFile; fileRef = 875444DF1AE1D06500659E6B /* JABApplicationRoot.swift */; };
		875AAFEF20909256005E0B85 /* TimingFunction.swift in Sources */ = {isa = PBXBuildFile; fileRef = 875AAFEE20909256005E0B85 /* TimingFunction.swift */; };
		875AAFF12092B02B005E0B85 /* InterfaceElement.swift in Sources */ = {isa = PBXBuildFile; fileRef = 875AAFF02092B02B005E0B85 /* InterfaceElement.swift */; };
		875AAFF32092B778005E0B85 /* Shadow.swift in Sources */ = {isa = PBXBuildFile; fileRef = 875AAFF22092B778005E0B85 /* Shadow.swift */; };
		875C9A361FFF54BC00C336B0 /* IntExtension.swift in Sources */ = {isa = PBXBuildFile; fileRef = 875C9A351FFF54BC00C336B0 /* IntExtension.swift */; };
		87643AB11EB07A8400D41A60 /* JABBlurLayer.swift in Sources */ = {isa = PBXBuildFile; fileRef = 87643AB01EB07A8400D41A60 /* JABBlurLayer.swift */; };
		87643AB31EB07B4600D41A60 /* JABStopwatch.swift in Sources */ = {isa = PBXBuildFile; fileRef = 87643AB21EB07B4600D41A60 /* JABStopwatch.swift */; };
		8765CE941F3FA74000E3D062 /* JABImageButton.swift in Sources */ = {isa = PBXBuildFile; fileRef = 8765CE931F3FA74000E3D062 /* JABImageButton.swift */; };
		8765CE961F3FA85A00E3D062 /* JABTextButton.swift in Sources */ = {isa = PBXBuildFile; fileRef = 8765CE951F3FA85A00E3D062 /* JABTextButton.swift */; };
		8772C9E31FD12CCD000D32DE /* DictionaryExtension.swift in Sources */ = {isa = PBXBuildFile; fileRef = 8772C9E21FD12CCD000D32DE /* DictionaryExtension.swift */; };
		877FE9A920CD242500483831 /* Global.swift in Sources */ = {isa = PBXBuildFile; fileRef = 877FE9A820CD242500483831 /* Global.swift */; };
		8795452E1FA9AEA600A11939 /* UILabelExtension.swift in Sources */ = {isa = PBXBuildFile; fileRef = 8795452D1FA9AEA500A11939 /* UILabelExtension.swift */; };
		87AFE0AD20CA757F00A3879A /* TextAlignment.swift in Sources */ = {isa = PBXBuildFile; fileRef = 87AFE0AC20CA757F00A3879A /* TextAlignment.swift */; };
		87AFE0B020CA76DE00A3879A /* PlatformTools.swift in Sources */ = {isa = PBXBuildFile; fileRef = 87AFE0AF20CA76DE00A3879A /* PlatformTools.swift */; };
		87AFE0B320CA770C00A3879A /* StringSizeCalculator.swift in Sources */ = {isa = PBXBuildFile; fileRef = 87AFE0B220CA770C00A3879A /* StringSizeCalculator.swift */; };
		87B0130D1E5698770000280E /* MutableCollectionExtension.swift in Sources */ = {isa = PBXBuildFile; fileRef = 87B0130C1E5698770000280E /* MutableCollectionExtension.swift */; };
		87B013111E5698D30000280E /* SequenceExtension.swift in Sources */ = {isa = PBXBuildFile; fileRef = 87B013101E5698D30000280E /* SequenceExtension.swift */; };
		87C21BBC1AEF131300FCE515 /* CGPointExtension.swift in Sources */ = {isa = PBXBuildFile; fileRef = 87C21BBB1AEF131300FCE515 /* CGPointExtension.swift */; };
		87D1EA37201C1820007FB2AD /* CLLocationCoordinate2DExtension.swift in Sources */ = {isa = PBXBuildFile; fileRef = 87D1EA36201C1820007FB2AD /* CLLocationCoordinate2DExtension.swift */; };
		87D1EA39201C1862007FB2AD /* CLLocationExtension.swift in Sources */ = {isa = PBXBuildFile; fileRef = 87D1EA38201C1862007FB2AD /* CLLocationExtension.swift */; };
		87D1EA3B201C4042007FB2AD /* FloatingPointExtension.swift in Sources */ = {isa = PBXBuildFile; fileRef = 87D1EA3A201C4042007FB2AD /* FloatingPointExtension.swift */; };
		87D48AB3206F6B3800A08F8D /* Collection.swift in Sources */ = {isa = PBXBuildFile; fileRef = 87D48AB2206F6B3800A08F8D /* Collection.swift */; };
		87D71C261B8BD988004E7D05 /* JABVersionNumber.swift in Sources */ = {isa = PBXBuildFile; fileRef = 87D71C251B8BD988004E7D05 /* JABVersionNumber.swift */; };
		87D99B1A205E216A005E098F /* UITextViewExtension.swift in Sources */ = {isa = PBXBuildFile; fileRef = 87D99B19205E216A005E098F /* UITextViewExtension.swift */; };
		87D99B23206967DB005E098F /* ComparableExtension.swift in Sources */ = {isa = PBXBuildFile; fileRef = 87D99B22206967DB005E098F /* ComparableExtension.swift */; };
		87DEDF79201EC9A7004A8757 /* DataExtension.swift in Sources */ = {isa = PBXBuildFile; fileRef = 87DEDF78201EC9A7004A8757 /* DataExtension.swift */; };
		87E3244F20BD43DF00DD5747 /* TextVisualOutletFactory.swift in Sources */ = {isa = PBXBuildFile; fileRef = 87E3244E20BD43DF00DD5747 /* TextVisualOutletFactory.swift */; };
		87E3245220BD442000DD5747 /* TextVisualOutlet.swift in Sources */ = {isa = PBXBuildFile; fileRef = 87E3245120BD442000DD5747 /* TextVisualOutlet.swift */; };
		87E3245420BD448B00DD5747 /* Label.swift in Sources */ = {isa = PBXBuildFile; fileRef = 87E3245320BD448B00DD5747 /* Label.swift */; };
		87E3245620BD44F900DD5747 /* TextStyle.swift in Sources */ = {isa = PBXBuildFile; fileRef = 87E3245520BD44F900DD5747 /* TextStyle.swift */; };
		87EE71A91AE562EF00526770 /* QuartzCore.framework in Frameworks */ = {isa = PBXBuildFile; fileRef = 87EE71A81AE562EF00526770 /* QuartzCore.framework */; };
		87EF09DD1AFCA27100BE92A4 /* PhysicalObjectProtocol.swift in Sources */ = {isa = PBXBuildFile; fileRef = 87EF09DC1AFCA27000BE92A4 /* PhysicalObjectProtocol.swift */; };
		87F422D81AFDB1C600C564D9 /* Vector.swift in Sources */ = {isa = PBXBuildFile; fileRef = 87F422D71AFDB1C600C564D9 /* Vector.swift */; };
		87F422DC1AFDB62A00C564D9 /* Size3D.swift in Sources */ = {isa = PBXBuildFile; fileRef = 87F422DB1AFDB62A00C564D9 /* Size3D.swift */; };
		87F4FD3E1AE421A300953E38 /* UIViewExtension.swift in Sources */ = {isa = PBXBuildFile; fileRef = 87F4FD3D1AE421A300953E38 /* UIViewExtension.swift */; };
		87F4FD411AE421ED00953E38 /* CGRectExtension.swift in Sources */ = {isa = PBXBuildFile; fileRef = 87F4FD401AE421ED00953E38 /* CGRectExtension.swift */; };
		87F4FD431AE4222A00953E38 /* UIColorExtension.swift in Sources */ = {isa = PBXBuildFile; fileRef = 87F4FD421AE4222A00953E38 /* UIColorExtension.swift */; };
		87F842EE1F918426009027B9 /* CGContextExtension.swift in Sources */ = {isa = PBXBuildFile; fileRef = 87F842ED1F918426009027B9 /* CGContextExtension.swift */; };
		87F842F01F920388009027B9 /* BoolExtension.swift in Sources */ = {isa = PBXBuildFile; fileRef = 87F842EF1F920388009027B9 /* BoolExtension.swift */; };
		87FB2E2B1B522C27000E09D9 /* StringExtension.swift in Sources */ = {isa = PBXBuildFile; fileRef = 87FB2E2A1B522C27000E09D9 /* StringExtension.swift */; };
/* End PBXBuildFile section */

/* Begin PBXContainerItemProxy section */
		875444C21AE1D01C00659E6B /* PBXContainerItemProxy */ = {
			isa = PBXContainerItemProxy;
			containerPortal = 875444AC1AE1D01C00659E6B /* Project object */;
			proxyType = 1;
			remoteGlobalIDString = 875444B41AE1D01C00659E6B;
			remoteInfo = JABSwiftCore;
		};
/* End PBXContainerItemProxy section */

/* Begin PBXFileReference section */
		8701987A1AE61FCA0073BFD5 /* UIImageExtension.swift */ = {isa = PBXFileReference; fileEncoding = 4; lastKnownFileType = sourcecode.swift; path = UIImageExtension.swift; sourceTree = "<group>"; };
		8704B9EF20A001DE009AF20B /* AnimationParameters.swift */ = {isa = PBXFileReference; lastKnownFileType = sourcecode.swift; path = AnimationParameters.swift; sourceTree = "<group>"; };
		8704B9F120A00218009AF20B /* GlobalAnimationState.swift */ = {isa = PBXFileReference; lastKnownFileType = sourcecode.swift; path = GlobalAnimationState.swift; sourceTree = "<group>"; };
		8704B9F320A0025D009AF20B /* Interface.swift */ = {isa = PBXFileReference; lastKnownFileType = sourcecode.swift; path = Interface.swift; sourceTree = "<group>"; };
		8704B9F520A002AE009AF20B /* AnimatableInterface.swift */ = {isa = PBXFileReference; lastKnownFileType = sourcecode.swift; path = AnimatableInterface.swift; sourceTree = "<group>"; };
		8704B9FA20A00A08009AF20B /* Deprecated.swift */ = {isa = PBXFileReference; lastKnownFileType = sourcecode.swift; path = Deprecated.swift; sourceTree = "<group>"; };
		8705209C1AEF8799008C9555 /* ArrayExtension.swift */ = {isa = PBXFileReference; fileEncoding = 4; lastKnownFileType = sourcecode.swift; path = ArrayExtension.swift; sourceTree = "<group>"; };
		870DFB821B532A9200BC76D7 /* DoubleExtension.swift */ = {isa = PBXFileReference; fileEncoding = 4; lastKnownFileType = sourcecode.swift; path = DoubleExtension.swift; sourceTree = "<group>"; };
		871268991FE0792C00199663 /* RangeExtension.swift */ = {isa = PBXFileReference; lastKnownFileType = sourcecode.swift; path = RangeExtension.swift; sourceTree = "<group>"; };
		8712806F1B4C5D410005716F /* NSDateExtension.swift */ = {isa = PBXFileReference; fileEncoding = 4; lastKnownFileType = sourcecode.swift; path = NSDateExtension.swift; sourceTree = "<group>"; };
		87128B661AFDDC1B00D1F34A /* UIFontExtension.swift */ = {isa = PBXFileReference; fileEncoding = 4; lastKnownFileType = sourcecode.swift; path = UIFontExtension.swift; sourceTree = "<group>"; };
		8712AF811FAB0FCD005DAB84 /* UITextFieldExtension.swift */ = {isa = PBXFileReference; lastKnownFileType = sourcecode.swift; path = UITextFieldExtension.swift; sourceTree = "<group>"; };
		871BAB9A20BD465F0065AB54 /* Font.swift */ = {isa = PBXFileReference; lastKnownFileType = sourcecode.swift; path = Font.swift; sourceTree = "<group>"; };
		871BABA120BD46D80065AB54 /* Font-Family.swift */ = {isa = PBXFileReference; lastKnownFileType = sourcecode.swift; path = "Font-Family.swift"; sourceTree = "<group>"; };
		871BABA320BD4B100065AB54 /* Font-Weight.swift */ = {isa = PBXFileReference; lastKnownFileType = sourcecode.swift; path = "Font-Weight.swift"; sourceTree = "<group>"; };
		871FE72220DA43F900B2C3AB /* PassthroughView.swift */ = {isa = PBXFileReference; lastKnownFileType = sourcecode.swift; path = PassthroughView.swift; sourceTree = "<group>"; };
		871FE72420DA442A00B2C3AB /* PassthroughVisualOutlet.swift */ = {isa = PBXFileReference; lastKnownFileType = sourcecode.swift; path = PassthroughVisualOutlet.swift; sourceTree = "<group>"; };
		871FE72620DA45DC00B2C3AB /* PassthroughVisualOutletFactory.swift */ = {isa = PBXFileReference; lastKnownFileType = sourcecode.swift; path = PassthroughVisualOutletFactory.swift; sourceTree = "<group>"; };
		871FE72820DA462100B2C3AB /* iOSPassthroughVisualOutlet.swift */ = {isa = PBXFileReference; lastKnownFileType = sourcecode.swift; path = iOSPassthroughVisualOutlet.swift; sourceTree = "<group>"; };
		871FE72A20DA469900B2C3AB /* iOSVisualOutlet.swift */ = {isa = PBXFileReference; lastKnownFileType = sourcecode.swift; path = iOSVisualOutlet.swift; sourceTree = "<group>"; };
		871FE72C20DA473B00B2C3AB /* iOSTextVisualOutlet.swift */ = {isa = PBXFileReference; lastKnownFileType = sourcecode.swift; path = iOSTextVisualOutlet.swift; sourceTree = "<group>"; };
		8721FF2A1B6ECE37000EB3CB /* JABLocationTester.swift */ = {isa = PBXFileReference; fileEncoding = 4; lastKnownFileType = sourcecode.swift; path = JABLocationTester.swift; sourceTree = "<group>"; };
		872B6A001BE1A9B600916EE8 /* SRTCamera.swift */ = {isa = PBXFileReference; fileEncoding = 4; lastKnownFileType = sourcecode.swift; path = SRTCamera.swift; sourceTree = "<group>"; };
		873441D42090627C001FE70E /* NSObjectProtocolExtension.swift */ = {isa = PBXFileReference; lastKnownFileType = sourcecode.swift; path = NSObjectProtocolExtension.swift; sourceTree = "<group>"; };
		87389F771D4719D500F0116B /* black.jpg */ = {isa = PBXFileReference; lastKnownFileType = image.jpeg; path = black.jpg; sourceTree = "<group>"; };
		873F97E020B696F500978F38 /* Point.swift */ = {isa = PBXFileReference; lastKnownFileType = sourcecode.swift; path = Point.swift; sourceTree = "<group>"; };
		873F97E220B6977400978F38 /* Size.swift */ = {isa = PBXFileReference; lastKnownFileType = sourcecode.swift; path = Size.swift; sourceTree = "<group>"; };
		873F97E420B6978700978F38 /* Rect.swift */ = {isa = PBXFileReference; lastKnownFileType = sourcecode.swift; path = Rect.swift; sourceTree = "<group>"; };
		873F97E620B697AE00978F38 /* Color.swift */ = {isa = PBXFileReference; lastKnownFileType = sourcecode.swift; path = Color.swift; sourceTree = "<group>"; };
		873F97EA20B6982B00978F38 /* VisualOutlet.swift */ = {isa = PBXFileReference; lastKnownFileType = sourcecode.swift; path = VisualOutlet.swift; sourceTree = "<group>"; };
		873F97EC20B6984700978F38 /* View.swift */ = {isa = PBXFileReference; lastKnownFileType = sourcecode.swift; path = View.swift; sourceTree = "<group>"; };
		873F97EE20B6B3AB00978F38 /* CALayerExpressible.swift */ = {isa = PBXFileReference; lastKnownFileType = sourcecode.swift; path = CALayerExpressible.swift; sourceTree = "<group>"; };
		873F97F020B6B9E400978F38 /* UIBezierPathExtension.swift */ = {isa = PBXFileReference; lastKnownFileType = sourcecode.swift; path = UIBezierPathExtension.swift; sourceTree = "<group>"; };
		873F97F320B6C3C900978F38 /* UniquelyIdentifiableObject.swift */ = {isa = PBXFileReference; lastKnownFileType = sourcecode.swift; path = UniquelyIdentifiableObject.swift; sourceTree = "<group>"; };
		873F97F620BA8DBC00978F38 /* iOSTypeConversions.swift */ = {isa = PBXFileReference; lastKnownFileType = sourcecode.swift; path = iOSTypeConversions.swift; sourceTree = "<group>"; };
		873F97F820BA8DEF00978F38 /* SinglePropertyAnimation.swift */ = {isa = PBXFileReference; lastKnownFileType = sourcecode.swift; path = SinglePropertyAnimation.swift; sourceTree = "<group>"; };
		873F97FC20BBF24D00978F38 /* VisualOutletFactory.swift */ = {isa = PBXFileReference; lastKnownFileType = sourcecode.swift; path = VisualOutletFactory.swift; sourceTree = "<group>"; };
		874226F71F84CB3800C44DA5 /* CABasicAnimationExtension.swift */ = {isa = PBXFileReference; lastKnownFileType = sourcecode.swift; path = CABasicAnimationExtension.swift; sourceTree = "<group>"; };
		8745E86220CA796800F46260 /* iOSStringSizeCalculator.swift */ = {isa = PBXFileReference; lastKnownFileType = sourcecode.swift; path = iOSStringSizeCalculator.swift; sourceTree = "<group>"; };
		8745E86420CBB02D00F46260 /* Button.swift */ = {isa = PBXFileReference; lastKnownFileType = sourcecode.swift; path = Button.swift; sourceTree = "<group>"; };
		8745E86620CBB06300F46260 /* TouchableVisualOutlet.swift */ = {isa = PBXFileReference; lastKnownFileType = sourcecode.swift; path = TouchableVisualOutlet.swift; sourceTree = "<group>"; };
		8745E86820CBB0DE00F46260 /* TouchableView.swift */ = {isa = PBXFileReference; lastKnownFileType = sourcecode.swift; path = TouchableView.swift; sourceTree = "<group>"; };
		8745E86A20CBB11C00F46260 /* TouchableVisualOutletFactory.swift */ = {isa = PBXFileReference; lastKnownFileType = sourcecode.swift; path = TouchableVisualOutletFactory.swift; sourceTree = "<group>"; };
		8745E86C20CBB15600F46260 /* iOSTouchableVisualOutlet.swift */ = {isa = PBXFileReference; lastKnownFileType = sourcecode.swift; path = iOSTouchableVisualOutlet.swift; sourceTree = "<group>"; };
		8745E86F20CCBEE800F46260 /* TouchEvent.swift */ = {isa = PBXFileReference; lastKnownFileType = sourcecode.swift; path = TouchEvent.swift; sourceTree = "<group>"; };
		8749C9E720B0334F00066E17 /* CGColorExtension.swift */ = {isa = PBXFileReference; lastKnownFileType = sourcecode.swift; path = CGColorExtension.swift; sourceTree = "<group>"; };
		874DFFFF1B76C8F8002E1A32 /* MarshalOperator.swift */ = {isa = PBXFileReference; fileEncoding = 4; lastKnownFileType = sourcecode.swift; path = MarshalOperator.swift; sourceTree = "<group>"; };
		874E9584207C97C00042FA2C /* JABPassthroughView.swift */ = {isa = PBXFileReference; lastKnownFileType = sourcecode.swift; path = JABPassthroughView.swift; sourceTree = "<group>"; };
		875068A120D0FB3E0041B135 /* AnimatableInterfaceForUIView.swift */ = {isa = PBXFileReference; lastKnownFileType = sourcecode.swift; path = AnimatableInterfaceForUIView.swift; sourceTree = "<group>"; };
		875068A320D0FB5A0041B135 /* InterfaceForUIView.swift */ = {isa = PBXFileReference; lastKnownFileType = sourcecode.swift; path = InterfaceForUIView.swift; sourceTree = "<group>"; };
		875444B51AE1D01C00659E6B /* JABSwiftCore.framework */ = {isa = PBXFileReference; explicitFileType = wrapper.framework; includeInIndex = 0; path = JABSwiftCore.framework; sourceTree = BUILT_PRODUCTS_DIR; };
		875444B91AE1D01C00659E6B /* Info.plist */ = {isa = PBXFileReference; lastKnownFileType = text.plist.xml; path = Info.plist; sourceTree = "<group>"; };
		875444BA1AE1D01C00659E6B /* JABSwiftCore.h */ = {isa = PBXFileReference; lastKnownFileType = sourcecode.c.h; path = JABSwiftCore.h; sourceTree = "<group>"; };
		875444C01AE1D01C00659E6B /* JABSwiftCoreTests.xctest */ = {isa = PBXFileReference; explicitFileType = wrapper.cfbundle; includeInIndex = 0; path = JABSwiftCoreTests.xctest; sourceTree = BUILT_PRODUCTS_DIR; };
		875444C61AE1D01C00659E6B /* Info.plist */ = {isa = PBXFileReference; lastKnownFileType = text.plist.xml; path = Info.plist; sourceTree = "<group>"; };
		875444C71AE1D01C00659E6B /* JABSwiftCoreTests.swift */ = {isa = PBXFileReference; lastKnownFileType = sourcecode.swift; path = JABSwiftCoreTests.swift; sourceTree = "<group>"; };
		875444D11AE1D02C00659E6B /* Toolkit.swift */ = {isa = PBXFileReference; fileEncoding = 4; lastKnownFileType = sourcecode.swift; path = Toolkit.swift; sourceTree = "<group>"; };
		875444D21AE1D02C00659E6B /* JABGlobalVariables.swift */ = {isa = PBXFileReference; fileEncoding = 4; lastKnownFileType = sourcecode.swift; path = JABGlobalVariables.swift; sourceTree = "<group>"; };
		875444D61AE1D03E00659E6B /* JABView.swift */ = {isa = PBXFileReference; fileEncoding = 4; lastKnownFileType = sourcecode.swift; path = JABView.swift; sourceTree = "<group>"; };
		875444D91AE1D04F00659E6B /* JABTouchableView.swift */ = {isa = PBXFileReference; fileEncoding = 4; lastKnownFileType = sourcecode.swift; path = JABTouchableView.swift; sourceTree = "<group>"; };
		875444DB1AE1D05800659E6B /* JABTouchManager.swift */ = {isa = PBXFileReference; fileEncoding = 4; lastKnownFileType = sourcecode.swift; path = JABTouchManager.swift; sourceTree = "<group>"; };
		875444DD1AE1D05E00659E6B /* JABButton.swift */ = {isa = PBXFileReference; fileEncoding = 4; lastKnownFileType = sourcecode.swift; path = JABButton.swift; sourceTree = "<group>"; };
		875444DF1AE1D06500659E6B /* JABApplicationRoot.swift */ = {isa = PBXFileReference; fileEncoding = 4; lastKnownFileType = sourcecode.swift; path = JABApplicationRoot.swift; sourceTree = "<group>"; };
		875AAFEE20909256005E0B85 /* TimingFunction.swift */ = {isa = PBXFileReference; lastKnownFileType = sourcecode.swift; path = TimingFunction.swift; sourceTree = "<group>"; };
		875AAFF02092B02B005E0B85 /* InterfaceElement.swift */ = {isa = PBXFileReference; lastKnownFileType = sourcecode.swift; path = InterfaceElement.swift; sourceTree = "<group>"; };
		875AAFF22092B778005E0B85 /* Shadow.swift */ = {isa = PBXFileReference; lastKnownFileType = sourcecode.swift; path = Shadow.swift; sourceTree = "<group>"; };
		875C9A351FFF54BC00C336B0 /* IntExtension.swift */ = {isa = PBXFileReference; lastKnownFileType = sourcecode.swift; path = IntExtension.swift; sourceTree = "<group>"; };
		87643AB01EB07A8400D41A60 /* JABBlurLayer.swift */ = {isa = PBXFileReference; fileEncoding = 4; lastKnownFileType = sourcecode.swift; path = JABBlurLayer.swift; sourceTree = "<group>"; };
		87643AB21EB07B4600D41A60 /* JABStopwatch.swift */ = {isa = PBXFileReference; fileEncoding = 4; lastKnownFileType = sourcecode.swift; path = JABStopwatch.swift; sourceTree = "<group>"; };
		8765CE931F3FA74000E3D062 /* JABImageButton.swift */ = {isa = PBXFileReference; fileEncoding = 4; lastKnownFileType = sourcecode.swift; path = JABImageButton.swift; sourceTree = "<group>"; };
		8765CE951F3FA85A00E3D062 /* JABTextButton.swift */ = {isa = PBXFileReference; fileEncoding = 4; lastKnownFileType = sourcecode.swift; path = JABTextButton.swift; sourceTree = "<group>"; };
		8772C9E21FD12CCD000D32DE /* DictionaryExtension.swift */ = {isa = PBXFileReference; lastKnownFileType = sourcecode.swift; path = DictionaryExtension.swift; sourceTree = "<group>"; };
		877FE9A820CD242500483831 /* Global.swift */ = {isa = PBXFileReference; lastKnownFileType = sourcecode.swift; path = Global.swift; sourceTree = "<group>"; };
		8795452D1FA9AEA500A11939 /* UILabelExtension.swift */ = {isa = PBXFileReference; lastKnownFileType = sourcecode.swift; path = UILabelExtension.swift; sourceTree = "<group>"; };
		87AFE0AC20CA757F00A3879A /* TextAlignment.swift */ = {isa = PBXFileReference; lastKnownFileType = sourcecode.swift; path = TextAlignment.swift; sourceTree = "<group>"; };
		87AFE0AF20CA76DE00A3879A /* PlatformTools.swift */ = {isa = PBXFileReference; lastKnownFileType = sourcecode.swift; path = PlatformTools.swift; sourceTree = "<group>"; };
		87AFE0B220CA770C00A3879A /* StringSizeCalculator.swift */ = {isa = PBXFileReference; lastKnownFileType = sourcecode.swift; path = StringSizeCalculator.swift; sourceTree = "<group>"; };
		87B0130C1E5698770000280E /* MutableCollectionExtension.swift */ = {isa = PBXFileReference; fileEncoding = 4; lastKnownFileType = sourcecode.swift; path = MutableCollectionExtension.swift; sourceTree = "<group>"; };
		87B013101E5698D30000280E /* SequenceExtension.swift */ = {isa = PBXFileReference; fileEncoding = 4; lastKnownFileType = sourcecode.swift; path = SequenceExtension.swift; sourceTree = "<group>"; };
		87C21BBB1AEF131300FCE515 /* CGPointExtension.swift */ = {isa = PBXFileReference; fileEncoding = 4; lastKnownFileType = sourcecode.swift; path = CGPointExtension.swift; sourceTree = "<group>"; };
		87D1EA36201C1820007FB2AD /* CLLocationCoordinate2DExtension.swift */ = {isa = PBXFileReference; lastKnownFileType = sourcecode.swift; path = CLLocationCoordinate2DExtension.swift; sourceTree = "<group>"; };
		87D1EA38201C1862007FB2AD /* CLLocationExtension.swift */ = {isa = PBXFileReference; lastKnownFileType = sourcecode.swift; path = CLLocationExtension.swift; sourceTree = "<group>"; };
		87D1EA3A201C4042007FB2AD /* FloatingPointExtension.swift */ = {isa = PBXFileReference; lastKnownFileType = sourcecode.swift; path = FloatingPointExtension.swift; sourceTree = "<group>"; };
		87D48AB2206F6B3800A08F8D /* Collection.swift */ = {isa = PBXFileReference; lastKnownFileType = sourcecode.swift; path = Collection.swift; sourceTree = "<group>"; };
		87D71C251B8BD988004E7D05 /* JABVersionNumber.swift */ = {isa = PBXFileReference; fileEncoding = 4; lastKnownFileType = sourcecode.swift; path = JABVersionNumber.swift; sourceTree = "<group>"; };
		87D997A01AF1640A0047483E /* CoreGraphics.framework */ = {isa = PBXFileReference; lastKnownFileType = wrapper.framework; name = CoreGraphics.framework; path = System/Library/Frameworks/CoreGraphics.framework; sourceTree = SDKROOT; };
		87D99B19205E216A005E098F /* UITextViewExtension.swift */ = {isa = PBXFileReference; lastKnownFileType = sourcecode.swift; path = UITextViewExtension.swift; sourceTree = "<group>"; };
		87D99B22206967DB005E098F /* ComparableExtension.swift */ = {isa = PBXFileReference; lastKnownFileType = sourcecode.swift; path = ComparableExtension.swift; sourceTree = "<group>"; };
		87DEDF78201EC9A7004A8757 /* DataExtension.swift */ = {isa = PBXFileReference; lastKnownFileType = sourcecode.swift; path = DataExtension.swift; sourceTree = "<group>"; };
		87E3244E20BD43DF00DD5747 /* TextVisualOutletFactory.swift */ = {isa = PBXFileReference; lastKnownFileType = sourcecode.swift; path = TextVisualOutletFactory.swift; sourceTree = "<group>"; };
		87E3245120BD442000DD5747 /* TextVisualOutlet.swift */ = {isa = PBXFileReference; lastKnownFileType = sourcecode.swift; path = TextVisualOutlet.swift; sourceTree = "<group>"; };
		87E3245320BD448B00DD5747 /* Label.swift */ = {isa = PBXFileReference; lastKnownFileType = sourcecode.swift; path = Label.swift; sourceTree = "<group>"; };
		87E3245520BD44F900DD5747 /* TextStyle.swift */ = {isa = PBXFileReference; lastKnownFileType = sourcecode.swift; path = TextStyle.swift; sourceTree = "<group>"; };
		87EE71A81AE562EF00526770 /* QuartzCore.framework */ = {isa = PBXFileReference; lastKnownFileType = wrapper.framework; name = QuartzCore.framework; path = System/Library/Frameworks/QuartzCore.framework; sourceTree = SDKROOT; };
		87EF09DC1AFCA27000BE92A4 /* PhysicalObjectProtocol.swift */ = {isa = PBXFileReference; fileEncoding = 4; lastKnownFileType = sourcecode.swift; path = PhysicalObjectProtocol.swift; sourceTree = "<group>"; };
		87F422D71AFDB1C600C564D9 /* Vector.swift */ = {isa = PBXFileReference; fileEncoding = 4; lastKnownFileType = sourcecode.swift; path = Vector.swift; sourceTree = "<group>"; };
		87F422DB1AFDB62A00C564D9 /* Size3D.swift */ = {isa = PBXFileReference; fileEncoding = 4; lastKnownFileType = sourcecode.swift; path = Size3D.swift; sourceTree = "<group>"; };
		87F4FD3D1AE421A300953E38 /* UIViewExtension.swift */ = {isa = PBXFileReference; fileEncoding = 4; lastKnownFileType = sourcecode.swift; path = UIViewExtension.swift; sourceTree = "<group>"; };
		87F4FD401AE421ED00953E38 /* CGRectExtension.swift */ = {isa = PBXFileReference; fileEncoding = 4; lastKnownFileType = sourcecode.swift; path = CGRectExtension.swift; sourceTree = "<group>"; };
		87F4FD421AE4222A00953E38 /* UIColorExtension.swift */ = {isa = PBXFileReference; fileEncoding = 4; lastKnownFileType = sourcecode.swift; path = UIColorExtension.swift; sourceTree = "<group>"; };
		87F842ED1F918426009027B9 /* CGContextExtension.swift */ = {isa = PBXFileReference; lastKnownFileType = sourcecode.swift; path = CGContextExtension.swift; sourceTree = "<group>"; };
		87F842EF1F920388009027B9 /* BoolExtension.swift */ = {isa = PBXFileReference; lastKnownFileType = sourcecode.swift; path = BoolExtension.swift; sourceTree = "<group>"; };
		87FB2E2A1B522C27000E09D9 /* StringExtension.swift */ = {isa = PBXFileReference; fileEncoding = 4; lastKnownFileType = sourcecode.swift; path = StringExtension.swift; sourceTree = "<group>"; };
/* End PBXFileReference section */

/* Begin PBXFrameworksBuildPhase section */
		875444B11AE1D01C00659E6B /* Frameworks */ = {
			isa = PBXFrameworksBuildPhase;
			buildActionMask = 2147483647;
			files = (
				87EE71A91AE562EF00526770 /* QuartzCore.framework in Frameworks */,
			);
			runOnlyForDeploymentPostprocessing = 0;
		};
		875444BD1AE1D01C00659E6B /* Frameworks */ = {
			isa = PBXFrameworksBuildPhase;
			buildActionMask = 2147483647;
			files = (
				875444C11AE1D01C00659E6B /* JABSwiftCore.framework in Frameworks */,
			);
			runOnlyForDeploymentPostprocessing = 0;
		};
/* End PBXFrameworksBuildPhase section */

/* Begin PBXGroup section */
		870419761BE5501D004DD8DF /* Camera */ = {
			isa = PBXGroup;
			children = (
				872B6A001BE1A9B600916EE8 /* SRTCamera.swift */,
			);
			name = Camera;
			sourceTree = "<group>";
		};
		8704B9EE20A001B5009AF20B /* Animation Framework */ = {
			isa = PBXGroup;
			children = (
				8704B9F820A00331009AF20B /* Protocols */,
				8704B9F720A0032B009AF20B /* Model */,
				8704B9F920A009F4009AF20B /* Deprecated */,
			);
			name = "Animation Framework";
			sourceTree = "<group>";
		};
		8704B9F720A0032B009AF20B /* Model */ = {
			isa = PBXGroup;
			children = (
				8704B9F120A00218009AF20B /* GlobalAnimationState.swift */,
			);
			name = Model;
			sourceTree = "<group>";
		};
		8704B9F820A00331009AF20B /* Protocols */ = {
			isa = PBXGroup;
			children = (
				875068A120D0FB3E0041B135 /* AnimatableInterfaceForUIView.swift */,
				875068A320D0FB5A0041B135 /* InterfaceForUIView.swift */,
				875AAFF02092B02B005E0B85 /* InterfaceElement.swift */,
			);
			name = Protocols;
			sourceTree = "<group>";
		};
		8704B9F920A009F4009AF20B /* Deprecated */ = {
			isa = PBXGroup;
			children = (
				8704B9FA20A00A08009AF20B /* Deprecated.swift */,
			);
			name = Deprecated;
			sourceTree = "<group>";
		};
		871BAB9C20BD466D0065AB54 /* Geometry */ = {
			isa = PBXGroup;
			children = (
				873F97E020B696F500978F38 /* Point.swift */,
				873F97E220B6977400978F38 /* Size.swift */,
				873F97E420B6978700978F38 /* Rect.swift */,
			);
			name = Geometry;
			sourceTree = "<group>";
		};
		871BAB9D20BD46810065AB54 /* Text */ = {
			isa = PBXGroup;
			children = (
				87E3245520BD44F900DD5747 /* TextStyle.swift */,
				87AFE0AC20CA757F00A3879A /* TextAlignment.swift */,
				871BAB9A20BD465F0065AB54 /* Font.swift */,
				871BABA120BD46D80065AB54 /* Font-Family.swift */,
				871BABA320BD4B100065AB54 /* Font-Weight.swift */,
			);
			name = Text;
			sourceTree = "<group>";
		};
		871BAB9E20BD46870065AB54 /* Animation */ = {
			isa = PBXGroup;
			children = (
				873F97F820BA8DEF00978F38 /* SinglePropertyAnimation.swift */,
				8704B9EF20A001DE009AF20B /* AnimationParameters.swift */,
				875AAFEE20909256005E0B85 /* TimingFunction.swift */,
			);
			name = Animation;
			sourceTree = "<group>";
		};
		871BAB9F20BD468F0065AB54 /* Color */ = {
			isa = PBXGroup;
			children = (
				873F97E620B697AE00978F38 /* Color.swift */,
			);
			name = Color;
			sourceTree = "<group>";
		};
		871BABA020BD46930065AB54 /* Shadow */ = {
			isa = PBXGroup;
			children = (
				875AAFF22092B778005E0B85 /* Shadow.swift */,
			);
			name = Shadow;
			sourceTree = "<group>";
		};
		8721FF2C1B6ECE54000EB3CB /* Location Tester */ = {
			isa = PBXGroup;
			children = (
				8721FF2A1B6ECE37000EB3CB /* JABLocationTester.swift */,
			);
			name = "Location Tester";
			sourceTree = "<group>";
		};
		8721FF2E1B6ECE7B000EB3CB /* Components */ = {
			isa = PBXGroup;
			children = (
				8721FF2C1B6ECE54000EB3CB /* Location Tester */,
			);
			name = Components;
			sourceTree = "<group>";
		};
		873F97DF20B696B800978F38 /* Data Types */ = {
			isa = PBXGroup;
			children = (
				871BAB9C20BD466D0065AB54 /* Geometry */,
				871BAB9F20BD468F0065AB54 /* Color */,
				871BABA020BD46930065AB54 /* Shadow */,
				871BAB9D20BD46810065AB54 /* Text */,
				871BAB9E20BD46870065AB54 /* Animation */,
				8745E86E20CCBED900F46260 /* Touch */,
			);
			name = "Data Types";
			sourceTree = "<group>";
		};
		873F97E820B697CF00978F38 /* UI Core */ = {
			isa = PBXGroup;
			children = (
				8745E87120CD23F400F46260 /* Global */,
				873F97DF20B696B800978F38 /* Data Types */,
				873F97E920B697ED00978F38 /* View */,
				875068A020D0FB150041B135 /* Interface Protocols */,
				87E3244D20BD43C300DD5747 /* Outlet Protocols */,
				87E3245020BD43E300DD5747 /* Outlet Factories */,
				87AFE0AE20CA76B900A3879A /* Platform Tools */,
			);
			name = "UI Core";
			sourceTree = "<group>";
		};
		873F97E920B697ED00978F38 /* View */ = {
			isa = PBXGroup;
			children = (
				873F97F320B6C3C900978F38 /* UniquelyIdentifiableObject.swift */,
				873F97EC20B6984700978F38 /* View.swift */,
				87E3245320BD448B00DD5747 /* Label.swift */,
				8745E86820CBB0DE00F46260 /* TouchableView.swift */,
				871FE72220DA43F900B2C3AB /* PassthroughView.swift */,
				8745E86420CBB02D00F46260 /* Button.swift */,
			);
			name = View;
			sourceTree = "<group>";
		};
		873F97F520BA8D9E00978F38 /* New */ = {
			isa = PBXGroup;
			children = (
				877FE9AA20CE4A8A00483831 /* Standard Library Extensions */,
				873F97E820B697CF00978F38 /* UI Core */,
				87AFE0B420CA773000A3879A /* Platforms */,
			);
			name = New;
			sourceTree = "<group>";
		};
		8745E86120CA77AA00F46260 /* Old */ = {
			isa = PBXGroup;
			children = (
				875444D51AE1D03000659E6B /* General */,
				87D71C281B8BD999004E7D05 /* Comp Sci */,
				87F422D51AFDB1A000C564D9 /* Physics */,
				87F422DA1AFDB1D600C564D9 /* Math */,
				874E9583207C97B20042FA2C /* UIView Subclasses */,
				875444D81AE1D04000659E6B /* JABView */,
			);
			name = Old;
			sourceTree = "<group>";
		};
		8745E86E20CCBED900F46260 /* Touch */ = {
			isa = PBXGroup;
			children = (
				8745E86F20CCBEE800F46260 /* TouchEvent.swift */,
			);
			name = Touch;
			sourceTree = "<group>";
		};
		8745E87120CD23F400F46260 /* Global */ = {
			isa = PBXGroup;
			children = (
				877FE9A820CD242500483831 /* Global.swift */,
			);
			name = Global;
			sourceTree = "<group>";
		};
		874D00011B76C8FB002E1A32 /* Operators */ = {
			isa = PBXGroup;
			children = (
				874DFFFF1B76C8F8002E1A32 /* MarshalOperator.swift */,
			);
			name = Operators;
			sourceTree = "<group>";
		};
		874E9583207C97B20042FA2C /* UIView Subclasses */ = {
			isa = PBXGroup;
			children = (
				874E9584207C97C00042FA2C /* JABPassthroughView.swift */,
			);
			name = "UIView Subclasses";
			sourceTree = "<group>";
		};
		875068A020D0FB150041B135 /* Interface Protocols */ = {
			isa = PBXGroup;
			children = (
				8704B9F520A002AE009AF20B /* AnimatableInterface.swift */,
				8704B9F320A0025D009AF20B /* Interface.swift */,
			);
			name = "Interface Protocols";
			sourceTree = "<group>";
		};
		875444AB1AE1D01C00659E6B = {
			isa = PBXGroup;
			children = (
				87D997A01AF1640A0047483E /* CoreGraphics.framework */,
				87EE71A81AE562EF00526770 /* QuartzCore.framework */,
				875444B71AE1D01C00659E6B /* JABSwiftCore */,
				875444C41AE1D01C00659E6B /* JABSwiftCoreTests */,
				875444B61AE1D01C00659E6B /* Products */,
			);
			sourceTree = "<group>";
		};
		875444B61AE1D01C00659E6B /* Products */ = {
			isa = PBXGroup;
			children = (
				875444B51AE1D01C00659E6B /* JABSwiftCore.framework */,
				875444C01AE1D01C00659E6B /* JABSwiftCoreTests.xctest */,
			);
			name = Products;
			sourceTree = "<group>";
		};
		875444B71AE1D01C00659E6B /* JABSwiftCore */ = {
			isa = PBXGroup;
			children = (
				875444BA1AE1D01C00659E6B /* JABSwiftCore.h */,
				873F97F520BA8D9E00978F38 /* New */,
				8745E86120CA77AA00F46260 /* Old */,
				875444B81AE1D01C00659E6B /* Supporting Files */,
			);
			path = JABSwiftCore;
			sourceTree = "<group>";
		};
		875444B81AE1D01C00659E6B /* Supporting Files */ = {
			isa = PBXGroup;
			children = (
				87389F771D4719D500F0116B /* black.jpg */,
				875444B91AE1D01C00659E6B /* Info.plist */,
			);
			name = "Supporting Files";
			sourceTree = "<group>";
		};
		875444C41AE1D01C00659E6B /* JABSwiftCoreTests */ = {
			isa = PBXGroup;
			children = (
				875444C71AE1D01C00659E6B /* JABSwiftCoreTests.swift */,
				875444C51AE1D01C00659E6B /* Supporting Files */,
			);
			path = JABSwiftCoreTests;
			sourceTree = "<group>";
		};
		875444C51AE1D01C00659E6B /* Supporting Files */ = {
			isa = PBXGroup;
			children = (
				875444C61AE1D01C00659E6B /* Info.plist */,
			);
			name = "Supporting Files";
			sourceTree = "<group>";
		};
		875444D51AE1D03000659E6B /* General */ = {
			isa = PBXGroup;
			children = (
				875444D11AE1D02C00659E6B /* Toolkit.swift */,
				87643AB21EB07B4600D41A60 /* JABStopwatch.swift */,
				875444D21AE1D02C00659E6B /* JABGlobalVariables.swift */,
				8704B9EE20A001B5009AF20B /* Animation Framework */,
				87F4FD3F1AE421B100953E38 /* Class Extensions */,
				874D00011B76C8FB002E1A32 /* Operators */,
			);
			name = General;
			sourceTree = "<group>";
		};
		875444D81AE1D04000659E6B /* JABView */ = {
			isa = PBXGroup;
			children = (
				875444D61AE1D03E00659E6B /* JABView.swift */,
				875444E11AE1D07300659E6B /* Subclasses */,
			);
			name = JABView;
			sourceTree = "<group>";
		};
		875444E11AE1D07300659E6B /* Subclasses */ = {
			isa = PBXGroup;
			children = (
				875444E61AE1D09500659E6B /* Touchable View */,
				875444E71AE1D09A00659E6B /* Application Root */,
				87643AAF1EB07A6C00D41A60 /* Blur Layer */,
				870419761BE5501D004DD8DF /* Camera */,
			);
			name = Subclasses;
			sourceTree = "<group>";
		};
		875444E21AE1D07900659E6B /* Button */ = {
			isa = PBXGroup;
			children = (
				875444DD1AE1D05E00659E6B /* JABButton.swift */,
				8765CE921F3FA72E00E3D062 /* Subclasses */,
			);
			name = Button;
			sourceTree = "<group>";
		};
		875444E31AE1D08000659E6B /* Subclasses */ = {
			isa = PBXGroup;
			children = (
				875444E21AE1D07900659E6B /* Button */,
			);
			name = Subclasses;
			sourceTree = "<group>";
		};
		875444E41AE1D08500659E6B /* Touch Manager */ = {
			isa = PBXGroup;
			children = (
				875444DB1AE1D05800659E6B /* JABTouchManager.swift */,
			);
			name = "Touch Manager";
			sourceTree = "<group>";
		};
		875444E51AE1D08B00659E6B /* Components */ = {
			isa = PBXGroup;
			children = (
				875444E41AE1D08500659E6B /* Touch Manager */,
			);
			name = Components;
			sourceTree = "<group>";
		};
		875444E61AE1D09500659E6B /* Touchable View */ = {
			isa = PBXGroup;
			children = (
				875444D91AE1D04F00659E6B /* JABTouchableView.swift */,
				875444E51AE1D08B00659E6B /* Components */,
				875444E31AE1D08000659E6B /* Subclasses */,
			);
			name = "Touchable View";
			sourceTree = "<group>";
		};
		875444E71AE1D09A00659E6B /* Application Root */ = {
			isa = PBXGroup;
			children = (
				875444DF1AE1D06500659E6B /* JABApplicationRoot.swift */,
				8721FF2E1B6ECE7B000EB3CB /* Components */,
			);
			name = "Application Root";
			sourceTree = "<group>";
		};
		87643AAF1EB07A6C00D41A60 /* Blur Layer */ = {
			isa = PBXGroup;
			children = (
				87643AB01EB07A8400D41A60 /* JABBlurLayer.swift */,
			);
			name = "Blur Layer";
			sourceTree = "<group>";
		};
		8765CE921F3FA72E00E3D062 /* Subclasses */ = {
			isa = PBXGroup;
			children = (
				8765CE931F3FA74000E3D062 /* JABImageButton.swift */,
				8765CE951F3FA85A00E3D062 /* JABTextButton.swift */,
			);
			name = Subclasses;
			sourceTree = "<group>";
		};
		877FE9AA20CE4A8A00483831 /* Standard Library Extensions */ = {
			isa = PBXGroup;
			children = (
				8705209C1AEF8799008C9555 /* ArrayExtension.swift */,
				87D99B22206967DB005E098F /* ComparableExtension.swift */,
			);
			name = "Standard Library Extensions";
			sourceTree = "<group>";
		};
		87AFE0AE20CA76B900A3879A /* Platform Tools */ = {
			isa = PBXGroup;
			children = (
				87AFE0AF20CA76DE00A3879A /* PlatformTools.swift */,
				87AFE0B120CA76EE00A3879A /* Tool Protocols */,
			);
			name = "Platform Tools";
			sourceTree = "<group>";
		};
		87AFE0B120CA76EE00A3879A /* Tool Protocols */ = {
			isa = PBXGroup;
			children = (
				87AFE0B220CA770C00A3879A /* StringSizeCalculator.swift */,
			);
			name = "Tool Protocols";
			sourceTree = "<group>";
		};
		87AFE0B420CA773000A3879A /* Platforms */ = {
			isa = PBXGroup;
			children = (
				87AFE0B520CA773A00A3879A /* iOS */,
			);
			name = Platforms;
			sourceTree = "<group>";
		};
		87AFE0B520CA773A00A3879A /* iOS */ = {
			isa = PBXGroup;
			children = (
				873F97EE20B6B3AB00978F38 /* CALayerExpressible.swift */,
				873F97F620BA8DBC00978F38 /* iOSTypeConversions.swift */,
				8745E86220CA796800F46260 /* iOSStringSizeCalculator.swift */,
				871FE72A20DA469900B2C3AB /* iOSVisualOutlet.swift */,
				871FE72C20DA473B00B2C3AB /* iOSTextVisualOutlet.swift */,
				8745E86C20CBB15600F46260 /* iOSTouchableVisualOutlet.swift */,
				871FE72820DA462100B2C3AB /* iOSPassthroughVisualOutlet.swift */,
			);
			name = iOS;
			sourceTree = "<group>";
		};
		87D71C271B8BD98B004E7D05 /* Version Number */ = {
			isa = PBXGroup;
			children = (
				87D71C251B8BD988004E7D05 /* JABVersionNumber.swift */,
			);
			name = "Version Number";
			sourceTree = "<group>";
		};
		87D71C281B8BD999004E7D05 /* Comp Sci */ = {
			isa = PBXGroup;
			children = (
				87D71C271B8BD98B004E7D05 /* Version Number */,
			);
			name = "Comp Sci";
			sourceTree = "<group>";
		};
		87E3244D20BD43C300DD5747 /* Outlet Protocols */ = {
			isa = PBXGroup;
			children = (
				873F97EA20B6982B00978F38 /* VisualOutlet.swift */,
				87E3245120BD442000DD5747 /* TextVisualOutlet.swift */,
				8745E86620CBB06300F46260 /* TouchableVisualOutlet.swift */,
				871FE72420DA442A00B2C3AB /* PassthroughVisualOutlet.swift */,
			);
			name = "Outlet Protocols";
			sourceTree = "<group>";
		};
		87E3245020BD43E300DD5747 /* Outlet Factories */ = {
			isa = PBXGroup;
			children = (
				873F97FC20BBF24D00978F38 /* VisualOutletFactory.swift */,
				87E3244E20BD43DF00DD5747 /* TextVisualOutletFactory.swift */,
				8745E86A20CBB11C00F46260 /* TouchableVisualOutletFactory.swift */,
				871FE72620DA45DC00B2C3AB /* PassthroughVisualOutletFactory.swift */,
			);
			name = "Outlet Factories";
			sourceTree = "<group>";
		};
		87F422D51AFDB1A000C564D9 /* Physics */ = {
			isa = PBXGroup;
			children = (
				87F422D61AFDB1A900C564D9 /* Physical Object Protocol */,
				87F422DD1AFDB63800C564D9 /* Size */,
			);
			name = Physics;
			sourceTree = "<group>";
		};
		87F422D61AFDB1A900C564D9 /* Physical Object Protocol */ = {
			isa = PBXGroup;
			children = (
				87EF09DC1AFCA27000BE92A4 /* PhysicalObjectProtocol.swift */,
			);
			name = "Physical Object Protocol";
			sourceTree = "<group>";
		};
		87F422D91AFDB1CA00C564D9 /* Vector */ = {
			isa = PBXGroup;
			children = (
				87F422D71AFDB1C600C564D9 /* Vector.swift */,
			);
			name = Vector;
			sourceTree = "<group>";
		};
		87F422DA1AFDB1D600C564D9 /* Math */ = {
			isa = PBXGroup;
			children = (
				87F422D91AFDB1CA00C564D9 /* Vector */,
			);
			name = Math;
			sourceTree = "<group>";
		};
		87F422DD1AFDB63800C564D9 /* Size */ = {
			isa = PBXGroup;
			children = (
				87F422DB1AFDB62A00C564D9 /* Size3D.swift */,
			);
			name = Size;
			sourceTree = "<group>";
		};
		87F4FD3F1AE421B100953E38 /* Class Extensions */ = {
			isa = PBXGroup;
			children = (
				87F842EF1F920388009027B9 /* BoolExtension.swift */,
				874226F71F84CB3800C44DA5 /* CABasicAnimationExtension.swift */,
				8749C9E720B0334F00066E17 /* CGColorExtension.swift */,
				87F842ED1F918426009027B9 /* CGContextExtension.swift */,
				87C21BBB1AEF131300FCE515 /* CGPointExtension.swift */,
				87F4FD401AE421ED00953E38 /* CGRectExtension.swift */,
				87D1EA38201C1862007FB2AD /* CLLocationExtension.swift */,
				87D1EA36201C1820007FB2AD /* CLLocationCoordinate2DExtension.swift */,
				87D48AB2206F6B3800A08F8D /* Collection.swift */,
				87DEDF78201EC9A7004A8757 /* DataExtension.swift */,
				8772C9E21FD12CCD000D32DE /* DictionaryExtension.swift */,
				870DFB821B532A9200BC76D7 /* DoubleExtension.swift */,
				87D1EA3A201C4042007FB2AD /* FloatingPointExtension.swift */,
				875C9A351FFF54BC00C336B0 /* IntExtension.swift */,
				87B0130C1E5698770000280E /* MutableCollectionExtension.swift */,
				8712806F1B4C5D410005716F /* NSDateExtension.swift */,
				873441D42090627C001FE70E /* NSObjectProtocolExtension.swift */,
				871268991FE0792C00199663 /* RangeExtension.swift */,
				87B013101E5698D30000280E /* SequenceExtension.swift */,
				87FB2E2A1B522C27000E09D9 /* StringExtension.swift */,
				873F97F020B6B9E400978F38 /* UIBezierPathExtension.swift */,
				87F4FD421AE4222A00953E38 /* UIColorExtension.swift */,
				87128B661AFDDC1B00D1F34A /* UIFontExtension.swift */,
				8701987A1AE61FCA0073BFD5 /* UIImageExtension.swift */,
				8795452D1FA9AEA500A11939 /* UILabelExtension.swift */,
				8712AF811FAB0FCD005DAB84 /* UITextFieldExtension.swift */,
				87D99B19205E216A005E098F /* UITextViewExtension.swift */,
				87F4FD3D1AE421A300953E38 /* UIViewExtension.swift */,
			);
			name = "Class Extensions";
			sourceTree = "<group>";
		};
/* End PBXGroup section */

/* Begin PBXHeadersBuildPhase section */
		875444B21AE1D01C00659E6B /* Headers */ = {
			isa = PBXHeadersBuildPhase;
			buildActionMask = 2147483647;
			files = (
				875444BB1AE1D01C00659E6B /* JABSwiftCore.h in Headers */,
			);
			runOnlyForDeploymentPostprocessing = 0;
		};
/* End PBXHeadersBuildPhase section */

/* Begin PBXNativeTarget section */
		875444B41AE1D01C00659E6B /* JABSwiftCore */ = {
			isa = PBXNativeTarget;
			buildConfigurationList = 875444CB1AE1D01C00659E6B /* Build configuration list for PBXNativeTarget "JABSwiftCore" */;
			buildPhases = (
				875444B01AE1D01C00659E6B /* Sources */,
				875444B11AE1D01C00659E6B /* Frameworks */,
				875444B21AE1D01C00659E6B /* Headers */,
				875444B31AE1D01C00659E6B /* Resources */,
			);
			buildRules = (
			);
			dependencies = (
			);
			name = JABSwiftCore;
			productName = JABSwiftCore;
			productReference = 875444B51AE1D01C00659E6B /* JABSwiftCore.framework */;
			productType = "com.apple.product-type.framework";
		};
		875444BF1AE1D01C00659E6B /* JABSwiftCoreTests */ = {
			isa = PBXNativeTarget;
			buildConfigurationList = 875444CE1AE1D01C00659E6B /* Build configuration list for PBXNativeTarget "JABSwiftCoreTests" */;
			buildPhases = (
				875444BC1AE1D01C00659E6B /* Sources */,
				875444BD1AE1D01C00659E6B /* Frameworks */,
				875444BE1AE1D01C00659E6B /* Resources */,
			);
			buildRules = (
			);
			dependencies = (
				875444C31AE1D01C00659E6B /* PBXTargetDependency */,
			);
			name = JABSwiftCoreTests;
			productName = JABSwiftCoreTests;
			productReference = 875444C01AE1D01C00659E6B /* JABSwiftCoreTests.xctest */;
			productType = "com.apple.product-type.bundle.unit-test";
		};
/* End PBXNativeTarget section */

/* Begin PBXProject section */
		875444AC1AE1D01C00659E6B /* Project object */ = {
			isa = PBXProject;
			attributes = {
				LastSwiftMigration = 0700;
				LastSwiftUpdateCheck = 0700;
				LastUpgradeCheck = 0930;
				ORGANIZATIONNAME = "Jeremy Bannister";
				TargetAttributes = {
					875444B41AE1D01C00659E6B = {
						CreatedOnToolsVersion = 6.3;
						DevelopmentTeam = H5N9FLA33R;
						LastSwiftMigration = 0900;
					};
					875444BF1AE1D01C00659E6B = {
						CreatedOnToolsVersion = 6.3;
						DevelopmentTeam = H5N9FLA33R;
						LastSwiftMigration = 0900;
					};
				};
			};
			buildConfigurationList = 875444AF1AE1D01C00659E6B /* Build configuration list for PBXProject "JABSwiftCore" */;
			compatibilityVersion = "Xcode 3.2";
			developmentRegion = English;
			hasScannedForEncodings = 0;
			knownRegions = (
				en,
			);
			mainGroup = 875444AB1AE1D01C00659E6B;
			productRefGroup = 875444B61AE1D01C00659E6B /* Products */;
			projectDirPath = "";
			projectRoot = "";
			targets = (
				875444B41AE1D01C00659E6B /* JABSwiftCore */,
				875444BF1AE1D01C00659E6B /* JABSwiftCoreTests */,
			);
		};
/* End PBXProject section */

/* Begin PBXResourcesBuildPhase section */
		875444B31AE1D01C00659E6B /* Resources */ = {
			isa = PBXResourcesBuildPhase;
			buildActionMask = 2147483647;
			files = (
				87389F781D4719D500F0116B /* black.jpg in Resources */,
			);
			runOnlyForDeploymentPostprocessing = 0;
		};
		875444BE1AE1D01C00659E6B /* Resources */ = {
			isa = PBXResourcesBuildPhase;
			buildActionMask = 2147483647;
			files = (
			);
			runOnlyForDeploymentPostprocessing = 0;
		};
/* End PBXResourcesBuildPhase section */

/* Begin PBXSourcesBuildPhase section */
		875444B01AE1D01C00659E6B /* Sources */ = {
			isa = PBXSourcesBuildPhase;
			buildActionMask = 2147483647;
			files = (
				87E3245620BD44F900DD5747 /* TextStyle.swift in Sources */,
				870DFB831B532A9200BC76D7 /* DoubleExtension.swift in Sources */,
				87F422DC1AFDB62A00C564D9 /* Size3D.swift in Sources */,
				8745E86320CA796800F46260 /* iOSStringSizeCalculator.swift in Sources */,
				875068A420D0FB5B0041B135 /* InterfaceForUIView.swift in Sources */,
				877FE9A920CD242500483831 /* Global.swift in Sources */,
				87B013111E5698D30000280E /* SequenceExtension.swift in Sources */,
				8721FF2B1B6ECE37000EB3CB /* JABLocationTester.swift in Sources */,
				87E3245420BD448B00DD5747 /* Label.swift in Sources */,
				871BABA420BD4B100065AB54 /* Font-Weight.swift in Sources */,
				875C9A361FFF54BC00C336B0 /* IntExtension.swift in Sources */,
				875444DA1AE1D04F00659E6B /* JABTouchableView.swift in Sources */,
				8712689A1FE0792C00199663 /* RangeExtension.swift in Sources */,
				871FE72520DA442A00B2C3AB /* PassthroughVisualOutlet.swift in Sources */,
				87128B671AFDDC1C00D1F34A /* UIFontExtension.swift in Sources */,
				873F97E120B696F500978F38 /* Point.swift in Sources */,
				87643AB31EB07B4600D41A60 /* JABStopwatch.swift in Sources */,
				875444D41AE1D02C00659E6B /* JABGlobalVariables.swift in Sources */,
				8712AF821FAB0FCD005DAB84 /* UITextFieldExtension.swift in Sources */,
				87C21BBC1AEF131300FCE515 /* CGPointExtension.swift in Sources */,
				871FE72720DA45DC00B2C3AB /* PassthroughVisualOutletFactory.swift in Sources */,
				87D1EA39201C1862007FB2AD /* CLLocationExtension.swift in Sources */,
				871FE72920DA462100B2C3AB /* iOSPassthroughVisualOutlet.swift in Sources */,
				875444DC1AE1D05800659E6B /* JABTouchManager.swift in Sources */,
				873F97EF20B6B3AB00978F38 /* CALayerExpressible.swift in Sources */,
				8745E86920CBB0DE00F46260 /* TouchableView.swift in Sources */,
				87D99B1A205E216A005E098F /* UITextViewExtension.swift in Sources */,
				8749C9E820B0334F00066E17 /* CGColorExtension.swift in Sources */,
				875444E01AE1D06500659E6B /* JABApplicationRoot.swift in Sources */,
				874E9585207C97C00042FA2C /* JABPassthroughView.swift in Sources */,
				875AAFEF20909256005E0B85 /* TimingFunction.swift in Sources */,
				8795452E1FA9AEA600A11939 /* UILabelExtension.swift in Sources */,
				871280701B4C5D410005716F /* NSDateExtension.swift in Sources */,
				871FE72D20DA473B00B2C3AB /* iOSTextVisualOutlet.swift in Sources */,
				87EF09DD1AFCA27100BE92A4 /* PhysicalObjectProtocol.swift in Sources */,
				872B6A011BE1A9B600916EE8 /* SRTCamera.swift in Sources */,
				873F97F920BA8DEF00978F38 /* SinglePropertyAnimation.swift in Sources */,
				8704B9F620A002AE009AF20B /* AnimatableInterface.swift in Sources */,
				873F97F720BA8DBC00978F38 /* iOSTypeConversions.swift in Sources */,
				874226F81F84CB3800C44DA5 /* CABasicAnimationExtension.swift in Sources */,
				874D00001B76C8F8002E1A32 /* MarshalOperator.swift in Sources */,
				87F842F01F920388009027B9 /* BoolExtension.swift in Sources */,
				8745E86520CBB02D00F46260 /* Button.swift in Sources */,
				87643AB11EB07A8400D41A60 /* JABBlurLayer.swift in Sources */,
				8701987B1AE61FCA0073BFD5 /* UIImageExtension.swift in Sources */,
				873F97F420B6C3C900978F38 /* UniquelyIdentifiableObject.swift in Sources */,
				8704B9FB20A00A08009AF20B /* Deprecated.swift in Sources */,
				87AFE0AD20CA757F00A3879A /* TextAlignment.swift in Sources */,
				8772C9E31FD12CCD000D32DE /* DictionaryExtension.swift in Sources */,
				8704B9F020A001DE009AF20B /* AnimationParameters.swift in Sources */,
				87E3244F20BD43DF00DD5747 /* TextVisualOutletFactory.swift in Sources */,
				873F97EB20B6982B00978F38 /* VisualOutlet.swift in Sources */,
				871FE72320DA43F900B2C3AB /* PassthroughView.swift in Sources */,
				87F422D81AFDB1C600C564D9 /* Vector.swift in Sources */,
				87D48AB3206F6B3800A08F8D /* Collection.swift in Sources */,
				875AAFF32092B778005E0B85 /* Shadow.swift in Sources */,
				873441D52090627C001FE70E /* NSObjectProtocolExtension.swift in Sources */,
				875444D31AE1D02C00659E6B /* Toolkit.swift in Sources */,
				87D1EA37201C1820007FB2AD /* CLLocationCoordinate2DExtension.swift in Sources */,
				8745E86B20CBB11C00F46260 /* TouchableVisualOutletFactory.swift in Sources */,
				875068A220D0FB3E0041B135 /* AnimatableInterfaceForUIView.swift in Sources */,
				875AAFF12092B02B005E0B85 /* InterfaceElement.swift in Sources */,
				873F97FD20BBF24D00978F38 /* VisualOutletFactory.swift in Sources */,
				873F97E320B6977400978F38 /* Size.swift in Sources */,
				875444D71AE1D03E00659E6B /* JABView.swift in Sources */,
				87F4FD411AE421ED00953E38 /* CGRectExtension.swift in Sources */,
				8745E87020CCBEE800F46260 /* TouchEvent.swift in Sources */,
				87F4FD431AE4222A00953E38 /* UIColorExtension.swift in Sources */,
				87AFE0B020CA76DE00A3879A /* PlatformTools.swift in Sources */,
				87DEDF79201EC9A7004A8757 /* DataExtension.swift in Sources */,
				873F97E520B6978700978F38 /* Rect.swift in Sources */,
				8765CE941F3FA74000E3D062 /* JABImageButton.swift in Sources */,
				87D71C261B8BD988004E7D05 /* JABVersionNumber.swift in Sources */,
				87F4FD3E1AE421A300953E38 /* UIViewExtension.swift in Sources */,
				871FE72B20DA469900B2C3AB /* iOSVisualOutlet.swift in Sources */,
				87B0130D1E5698770000280E /* MutableCollectionExtension.swift in Sources */,
				8704B9F420A0025D009AF20B /* Interface.swift in Sources */,
				871BABA220BD46D80065AB54 /* Font-Family.swift in Sources */,
				8765CE961F3FA85A00E3D062 /* JABTextButton.swift in Sources */,
				87E3245220BD442000DD5747 /* TextVisualOutlet.swift in Sources */,
				875444DE1AE1D05E00659E6B /* JABButton.swift in Sources */,
				87AFE0B320CA770C00A3879A /* StringSizeCalculator.swift in Sources */,
				873F97E720B697AE00978F38 /* Color.swift in Sources */,
				871BAB9B20BD465F0065AB54 /* Font.swift in Sources */,
				87FB2E2B1B522C27000E09D9 /* StringExtension.swift in Sources */,
				8745E86720CBB06300F46260 /* TouchableVisualOutlet.swift in Sources */,
				87D99B23206967DB005E098F /* ComparableExtension.swift in Sources */,
				8705209D1AEF8799008C9555 /* ArrayExtension.swift in Sources */,
				873F97ED20B6984700978F38 /* View.swift in Sources */,
				87D1EA3B201C4042007FB2AD /* FloatingPointExtension.swift in Sources */,
				87F842EE1F918426009027B9 /* CGContextExtension.swift in Sources */,
				8704B9F220A00218009AF20B /* GlobalAnimationState.swift in Sources */,
				8745E86D20CBB15600F46260 /* iOSTouchableVisualOutlet.swift in Sources */,
				873F97F120B6B9E400978F38 /* UIBezierPathExtension.swift in Sources */,
			);
			runOnlyForDeploymentPostprocessing = 0;
		};
		875444BC1AE1D01C00659E6B /* Sources */ = {
			isa = PBXSourcesBuildPhase;
			buildActionMask = 2147483647;
			files = (
				875444C81AE1D01C00659E6B /* JABSwiftCoreTests.swift in Sources */,
			);
			runOnlyForDeploymentPostprocessing = 0;
		};
/* End PBXSourcesBuildPhase section */

/* Begin PBXTargetDependency section */
		875444C31AE1D01C00659E6B /* PBXTargetDependency */ = {
			isa = PBXTargetDependency;
			target = 875444B41AE1D01C00659E6B /* JABSwiftCore */;
			targetProxy = 875444C21AE1D01C00659E6B /* PBXContainerItemProxy */;
		};
/* End PBXTargetDependency section */

/* Begin XCBuildConfiguration section */
		875444C91AE1D01C00659E6B /* Debug */ = {
			isa = XCBuildConfiguration;
			buildSettings = {
				ALWAYS_SEARCH_USER_PATHS = NO;
				CLANG_CXX_LANGUAGE_STANDARD = "gnu++0x";
				CLANG_CXX_LIBRARY = "libc++";
				CLANG_ENABLE_MODULES = YES;
				CLANG_ENABLE_OBJC_ARC = YES;
				CLANG_WARN_BLOCK_CAPTURE_AUTORELEASING = YES;
				CLANG_WARN_BOOL_CONVERSION = YES;
				CLANG_WARN_COMMA = YES;
				CLANG_WARN_CONSTANT_CONVERSION = YES;
				CLANG_WARN_DEPRECATED_OBJC_IMPLEMENTATIONS = YES;
				CLANG_WARN_DIRECT_OBJC_ISA_USAGE = YES_ERROR;
				CLANG_WARN_EMPTY_BODY = YES;
				CLANG_WARN_ENUM_CONVERSION = YES;
				CLANG_WARN_INFINITE_RECURSION = YES;
				CLANG_WARN_INT_CONVERSION = YES;
				CLANG_WARN_NON_LITERAL_NULL_CONVERSION = YES;
				CLANG_WARN_OBJC_IMPLICIT_RETAIN_SELF = YES;
				CLANG_WARN_OBJC_LITERAL_CONVERSION = YES;
				CLANG_WARN_OBJC_ROOT_CLASS = YES_ERROR;
				CLANG_WARN_RANGE_LOOP_ANALYSIS = YES;
				CLANG_WARN_STRICT_PROTOTYPES = YES;
				CLANG_WARN_SUSPICIOUS_MOVE = YES;
				CLANG_WARN_UNREACHABLE_CODE = YES;
				CLANG_WARN__DUPLICATE_METHOD_MATCH = YES;
				"CODE_SIGN_IDENTITY[sdk=iphoneos*]" = "iPhone Developer";
				COPY_PHASE_STRIP = NO;
				CURRENT_PROJECT_VERSION = 1;
				DEBUG_INFORMATION_FORMAT = "dwarf-with-dsym";
				ENABLE_STRICT_OBJC_MSGSEND = YES;
				ENABLE_TESTABILITY = YES;
				GCC_C_LANGUAGE_STANDARD = gnu99;
				GCC_DYNAMIC_NO_PIC = NO;
				GCC_NO_COMMON_BLOCKS = YES;
				GCC_OPTIMIZATION_LEVEL = 0;
				GCC_PREPROCESSOR_DEFINITIONS = (
					"DEBUG=1",
					"$(inherited)",
				);
				GCC_SYMBOLS_PRIVATE_EXTERN = NO;
				GCC_WARN_64_TO_32_BIT_CONVERSION = YES;
				GCC_WARN_ABOUT_RETURN_TYPE = YES_ERROR;
				GCC_WARN_UNDECLARED_SELECTOR = YES;
				GCC_WARN_UNINITIALIZED_AUTOS = YES_AGGRESSIVE;
				GCC_WARN_UNUSED_FUNCTION = YES;
				GCC_WARN_UNUSED_VARIABLE = YES;
				IPHONEOS_DEPLOYMENT_TARGET = 10.0;
				MTL_ENABLE_DEBUG_INFO = YES;
				ONLY_ACTIVE_ARCH = YES;
				SDKROOT = iphoneos;
				SWIFT_OPTIMIZATION_LEVEL = "-Onone";
				SWIFT_SWIFT3_OBJC_INFERENCE = Default;
				SWIFT_VERSION = 4.0;
				TARGETED_DEVICE_FAMILY = "1,2";
				VERSIONING_SYSTEM = "apple-generic";
				VERSION_INFO_PREFIX = "";
			};
			name = Debug;
		};
		875444CA1AE1D01C00659E6B /* Release */ = {
			isa = XCBuildConfiguration;
			buildSettings = {
				ALWAYS_SEARCH_USER_PATHS = NO;
				CLANG_CXX_LANGUAGE_STANDARD = "gnu++0x";
				CLANG_CXX_LIBRARY = "libc++";
				CLANG_ENABLE_MODULES = YES;
				CLANG_ENABLE_OBJC_ARC = YES;
				CLANG_WARN_BLOCK_CAPTURE_AUTORELEASING = YES;
				CLANG_WARN_BOOL_CONVERSION = YES;
				CLANG_WARN_COMMA = YES;
				CLANG_WARN_CONSTANT_CONVERSION = YES;
				CLANG_WARN_DEPRECATED_OBJC_IMPLEMENTATIONS = YES;
				CLANG_WARN_DIRECT_OBJC_ISA_USAGE = YES_ERROR;
				CLANG_WARN_EMPTY_BODY = YES;
				CLANG_WARN_ENUM_CONVERSION = YES;
				CLANG_WARN_INFINITE_RECURSION = YES;
				CLANG_WARN_INT_CONVERSION = YES;
				CLANG_WARN_NON_LITERAL_NULL_CONVERSION = YES;
				CLANG_WARN_OBJC_IMPLICIT_RETAIN_SELF = YES;
				CLANG_WARN_OBJC_LITERAL_CONVERSION = YES;
				CLANG_WARN_OBJC_ROOT_CLASS = YES_ERROR;
				CLANG_WARN_RANGE_LOOP_ANALYSIS = YES;
				CLANG_WARN_STRICT_PROTOTYPES = YES;
				CLANG_WARN_SUSPICIOUS_MOVE = YES;
				CLANG_WARN_UNREACHABLE_CODE = YES;
				CLANG_WARN__DUPLICATE_METHOD_MATCH = YES;
				"CODE_SIGN_IDENTITY[sdk=iphoneos*]" = "iPhone Developer";
				COPY_PHASE_STRIP = NO;
				CURRENT_PROJECT_VERSION = 1;
				DEBUG_INFORMATION_FORMAT = "dwarf-with-dsym";
				ENABLE_NS_ASSERTIONS = NO;
				ENABLE_STRICT_OBJC_MSGSEND = YES;
				GCC_C_LANGUAGE_STANDARD = gnu99;
				GCC_NO_COMMON_BLOCKS = YES;
				GCC_WARN_64_TO_32_BIT_CONVERSION = YES;
				GCC_WARN_ABOUT_RETURN_TYPE = YES_ERROR;
				GCC_WARN_UNDECLARED_SELECTOR = YES;
				GCC_WARN_UNINITIALIZED_AUTOS = YES_AGGRESSIVE;
				GCC_WARN_UNUSED_FUNCTION = YES;
				GCC_WARN_UNUSED_VARIABLE = YES;
				IPHONEOS_DEPLOYMENT_TARGET = 10.0;
				MTL_ENABLE_DEBUG_INFO = NO;
				SDKROOT = iphoneos;
				SWIFT_OPTIMIZATION_LEVEL = "-Owholemodule";
				SWIFT_SWIFT3_OBJC_INFERENCE = Default;
				SWIFT_VERSION = 4.0;
				TARGETED_DEVICE_FAMILY = "1,2";
				VALIDATE_PRODUCT = YES;
				VERSIONING_SYSTEM = "apple-generic";
				VERSION_INFO_PREFIX = "";
			};
			name = Release;
		};
		875444CC1AE1D01C00659E6B /* Debug */ = {
			isa = XCBuildConfiguration;
			buildSettings = {
				ALWAYS_SEARCH_USER_PATHS = NO;
				CLANG_ENABLE_MODULES = YES;
				CODE_SIGN_IDENTITY = "iPhone Developer";
				"CODE_SIGN_IDENTITY[sdk=iphoneos*]" = "";
				DEFINES_MODULE = YES;
				DEVELOPMENT_TEAM = H5N9FLA33R;
				DYLIB_COMPATIBILITY_VERSION = 1;
				DYLIB_CURRENT_VERSION = 1;
				DYLIB_INSTALL_NAME_BASE = "@rpath";
				GCC_WARN_UNDECLARED_SELECTOR = NO;
				INFOPLIST_FILE = JABSwiftCore/Info.plist;
				INSTALL_PATH = "$(LOCAL_LIBRARY_DIR)/Frameworks";
				IPHONEOS_DEPLOYMENT_TARGET = 10.0;
				LD_RUNPATH_SEARCH_PATHS = "$(inherited) @executable_path/Frameworks @loader_path/Frameworks";
				ONLY_ACTIVE_ARCH = NO;
				PRODUCT_BUNDLE_IDENTIFIER = "JAB.$(PRODUCT_NAME:rfc1034identifier)";
				PRODUCT_NAME = "$(TARGET_NAME)";
				PROVISIONING_PROFILE = "";
				SKIP_INSTALL = YES;
				SWIFT_OPTIMIZATION_LEVEL = "-Onone";
				SWIFT_SWIFT3_OBJC_INFERENCE = Default;
				SWIFT_VERSION = 4.0;
			};
			name = Debug;
		};
		875444CD1AE1D01C00659E6B /* Release */ = {
			isa = XCBuildConfiguration;
			buildSettings = {
				ALWAYS_SEARCH_USER_PATHS = NO;
				CLANG_ENABLE_MODULES = YES;
				CODE_SIGN_IDENTITY = "iPhone Developer";
				"CODE_SIGN_IDENTITY[sdk=iphoneos*]" = "";
				DEFINES_MODULE = YES;
				DEVELOPMENT_TEAM = H5N9FLA33R;
				DYLIB_COMPATIBILITY_VERSION = 1;
				DYLIB_CURRENT_VERSION = 1;
				DYLIB_INSTALL_NAME_BASE = "@rpath";
				GCC_WARN_UNDECLARED_SELECTOR = NO;
				INFOPLIST_FILE = JABSwiftCore/Info.plist;
				INSTALL_PATH = "$(LOCAL_LIBRARY_DIR)/Frameworks";
				IPHONEOS_DEPLOYMENT_TARGET = 10.0;
				LD_RUNPATH_SEARCH_PATHS = "$(inherited) @executable_path/Frameworks @loader_path/Frameworks";
				PRODUCT_BUNDLE_IDENTIFIER = "JAB.$(PRODUCT_NAME:rfc1034identifier)";
				PRODUCT_NAME = "$(TARGET_NAME)";
				PROVISIONING_PROFILE = "";
				SKIP_INSTALL = YES;
				SWIFT_SWIFT3_OBJC_INFERENCE = Default;
				SWIFT_VERSION = 4.0;
			};
			name = Release;
		};
		875444CF1AE1D01C00659E6B /* Debug */ = {
			isa = XCBuildConfiguration;
			buildSettings = {
				ALWAYS_SEARCH_USER_PATHS = NO;
				DEVELOPMENT_TEAM = H5N9FLA33R;
				FRAMEWORK_SEARCH_PATHS = "$(inherited)";
				GCC_PREPROCESSOR_DEFINITIONS = (
					"DEBUG=1",
					"$(inherited)",
				);
				INFOPLIST_FILE = JABSwiftCoreTests/Info.plist;
				LD_RUNPATH_SEARCH_PATHS = "$(inherited) @executable_path/Frameworks @loader_path/Frameworks";
				PRODUCT_BUNDLE_IDENTIFIER = "JAB.$(PRODUCT_NAME:rfc1034identifier)";
				PRODUCT_NAME = "$(TARGET_NAME)";
				SWIFT_SWIFT3_OBJC_INFERENCE = Default;
				SWIFT_VERSION = 4.0;
			};
			name = Debug;
		};
		875444D01AE1D01C00659E6B /* Release */ = {
			isa = XCBuildConfiguration;
			buildSettings = {
				ALWAYS_SEARCH_USER_PATHS = NO;
				DEVELOPMENT_TEAM = H5N9FLA33R;
				FRAMEWORK_SEARCH_PATHS = "$(inherited)";
				INFOPLIST_FILE = JABSwiftCoreTests/Info.plist;
				LD_RUNPATH_SEARCH_PATHS = "$(inherited) @executable_path/Frameworks @loader_path/Frameworks";
				PRODUCT_BUNDLE_IDENTIFIER = "JAB.$(PRODUCT_NAME:rfc1034identifier)";
				PRODUCT_NAME = "$(TARGET_NAME)";
				SWIFT_SWIFT3_OBJC_INFERENCE = Default;
				SWIFT_VERSION = 4.0;
			};
			name = Release;
		};
/* End XCBuildConfiguration section */

/* Begin XCConfigurationList section */
		875444AF1AE1D01C00659E6B /* Build configuration list for PBXProject "JABSwiftCore" */ = {
			isa = XCConfigurationList;
			buildConfigurations = (
				875444C91AE1D01C00659E6B /* Debug */,
				875444CA1AE1D01C00659E6B /* Release */,
			);
			defaultConfigurationIsVisible = 0;
			defaultConfigurationName = Release;
		};
		875444CB1AE1D01C00659E6B /* Build configuration list for PBXNativeTarget "JABSwiftCore" */ = {
			isa = XCConfigurationList;
			buildConfigurations = (
				875444CC1AE1D01C00659E6B /* Debug */,
				875444CD1AE1D01C00659E6B /* Release */,
			);
			defaultConfigurationIsVisible = 0;
			defaultConfigurationName = Release;
		};
		875444CE1AE1D01C00659E6B /* Build configuration list for PBXNativeTarget "JABSwiftCoreTests" */ = {
			isa = XCConfigurationList;
			buildConfigurations = (
				875444CF1AE1D01C00659E6B /* Debug */,
				875444D01AE1D01C00659E6B /* Release */,
			);
			defaultConfigurationIsVisible = 0;
			defaultConfigurationName = Release;
		};
/* End XCConfigurationList section */
	};
	rootObject = 875444AC1AE1D01C00659E6B /* Project object */;
}
