// !$*UTF8*$!
{
	archiveVersion = 1;
	classes = {
	};
	objectVersion = 46;
	objects = {

/* Begin PBXBuildFile section */
		8701987B1AE61FCA0073BFD5 /* UIImageExtension.swift in Sources */ = {isa = PBXBuildFile; fileRef = 8701987A1AE61FCA0073BFD5 /* UIImageExtension.swift */; };
		870419781BE97635004DD8DF /* JABImageBank.swift in Sources */ = {isa = PBXBuildFile; fileRef = 870419771BE97635004DD8DF /* JABImageBank.swift */; };
		8705209D1AEF8799008C9555 /* ArrayExtension.swift in Sources */ = {isa = PBXBuildFile; fileRef = 8705209C1AEF8799008C9555 /* ArrayExtension.swift */; };
		870DFB831B532A9200BC76D7 /* DoubleExtension.swift in Sources */ = {isa = PBXBuildFile; fileRef = 870DFB821B532A9200BC76D7 /* DoubleExtension.swift */; };
		871280701B4C5D410005716F /* NSDateExtension.swift in Sources */ = {isa = PBXBuildFile; fileRef = 8712806F1B4C5D410005716F /* NSDateExtension.swift */; };
		87128B671AFDDC1C00D1F34A /* UIFontExtension.swift in Sources */ = {isa = PBXBuildFile; fileRef = 87128B661AFDDC1B00D1F34A /* UIFontExtension.swift */; };
		8714B2961EA01D8A00B7C5FA /* CGFloatExtension.swift in Sources */ = {isa = PBXBuildFile; fileRef = 8714B2951EA01D8A00B7C5FA /* CGFloatExtension.swift */; };
		8721FF2B1B6ECE37000EB3CB /* JABLocationTester.swift in Sources */ = {isa = PBXBuildFile; fileRef = 8721FF2A1B6ECE37000EB3CB /* JABLocationTester.swift */; };
		872B6A011BE1A9B600916EE8 /* SRTCamera.swift in Sources */ = {isa = PBXBuildFile; fileRef = 872B6A001BE1A9B600916EE8 /* SRTCamera.swift */; };
		87389F781D4719D500F0116B /* black.jpg in Resources */ = {isa = PBXBuildFile; fileRef = 87389F771D4719D500F0116B /* black.jpg */; };
		873BFA6E1B11AAA300E677F5 /* JABImagePanel.swift in Sources */ = {isa = PBXBuildFile; fileRef = 873BFA6D1B11AAA200E677F5 /* JABImagePanel.swift */; };
		874226F81F84CB3800C44DA5 /* CABasicAnimationExtension.swift in Sources */ = {isa = PBXBuildFile; fileRef = 874226F71F84CB3800C44DA5 /* CABasicAnimationExtension.swift */; };
		874D00001B76C8F8002E1A32 /* MarshalOperator.swift in Sources */ = {isa = PBXBuildFile; fileRef = 874DFFFF1B76C8F8002E1A32 /* MarshalOperator.swift */; };
		875444BB1AE1D01C00659E6B /* JABSwiftCore.h in Headers */ = {isa = PBXBuildFile; fileRef = 875444BA1AE1D01C00659E6B /* JABSwiftCore.h */; settings = {ATTRIBUTES = (Public, ); }; };
		875444C11AE1D01C00659E6B /* JABSwiftCore.framework in Frameworks */ = {isa = PBXBuildFile; fileRef = 875444B51AE1D01C00659E6B /* JABSwiftCore.framework */; };
		875444C81AE1D01C00659E6B /* JABSwiftCoreTests.swift in Sources */ = {isa = PBXBuildFile; fileRef = 875444C71AE1D01C00659E6B /* JABSwiftCoreTests.swift */; };
		875444D31AE1D02C00659E6B /* Toolkit.swift in Sources */ = {isa = PBXBuildFile; fileRef = 875444D11AE1D02C00659E6B /* Toolkit.swift */; };
		875444D41AE1D02C00659E6B /* JABGlobalVariables.swift in Sources */ = {isa = PBXBuildFile; fileRef = 875444D21AE1D02C00659E6B /* JABGlobalVariables.swift */; };
		875444D71AE1D03E00659E6B /* JABView.swift in Sources */ = {isa = PBXBuildFile; fileRef = 875444D61AE1D03E00659E6B /* JABView.swift */; };
		875444DA1AE1D04F00659E6B /* JABTouchableView.swift in Sources */ = {isa = PBXBuildFile; fileRef = 875444D91AE1D04F00659E6B /* JABTouchableView.swift */; };
		875444DC1AE1D05800659E6B /* JABTouchManager.swift in Sources */ = {isa = PBXBuildFile; fileRef = 875444DB1AE1D05800659E6B /* JABTouchManager.swift */; };
		875444DE1AE1D05E00659E6B /* JABButton.swift in Sources */ = {isa = PBXBuildFile; fileRef = 875444DD1AE1D05E00659E6B /* JABButton.swift */; };
		875444E01AE1D06500659E6B /* JABApplicationRoot.swift in Sources */ = {isa = PBXBuildFile; fileRef = 875444DF1AE1D06500659E6B /* JABApplicationRoot.swift */; };
		87643AB11EB07A8400D41A60 /* JABBlurLayer.swift in Sources */ = {isa = PBXBuildFile; fileRef = 87643AB01EB07A8400D41A60 /* JABBlurLayer.swift */; };
		87643AB31EB07B4600D41A60 /* JABStopwatch.swift in Sources */ = {isa = PBXBuildFile; fileRef = 87643AB21EB07B4600D41A60 /* JABStopwatch.swift */; };
		8765CE941F3FA74000E3D062 /* JABImageButton.swift in Sources */ = {isa = PBXBuildFile; fileRef = 8765CE931F3FA74000E3D062 /* JABImageButton.swift */; };
		8765CE961F3FA85A00E3D062 /* JABTextButton.swift in Sources */ = {isa = PBXBuildFile; fileRef = 8765CE951F3FA85A00E3D062 /* JABTextButton.swift */; };
		87B0130D1E5698770000280E /* MutableCollectionExtension.swift in Sources */ = {isa = PBXBuildFile; fileRef = 87B0130C1E5698770000280E /* MutableCollectionExtension.swift */; };
		87B013111E5698D30000280E /* SequenceExtension.swift in Sources */ = {isa = PBXBuildFile; fileRef = 87B013101E5698D30000280E /* SequenceExtension.swift */; };
		87C21BBC1AEF131300FCE515 /* CGPointExtension.swift in Sources */ = {isa = PBXBuildFile; fileRef = 87C21BBB1AEF131300FCE515 /* CGPointExtension.swift */; };
		87D71C261B8BD988004E7D05 /* JABVersionNumber.swift in Sources */ = {isa = PBXBuildFile; fileRef = 87D71C251B8BD988004E7D05 /* JABVersionNumber.swift */; };
		87ED41DA1B1593F600B57E7B /* JABSquareImagePanel.swift in Sources */ = {isa = PBXBuildFile; fileRef = 87ED41D91B1593F600B57E7B /* JABSquareImagePanel.swift */; };
		87EE71A91AE562EF00526770 /* QuartzCore.framework in Frameworks */ = {isa = PBXBuildFile; fileRef = 87EE71A81AE562EF00526770 /* QuartzCore.framework */; };
		87EF09DD1AFCA27100BE92A4 /* PhysicalObjectProtocol.swift in Sources */ = {isa = PBXBuildFile; fileRef = 87EF09DC1AFCA27000BE92A4 /* PhysicalObjectProtocol.swift */; };
		87F422D81AFDB1C600C564D9 /* Vector.swift in Sources */ = {isa = PBXBuildFile; fileRef = 87F422D71AFDB1C600C564D9 /* Vector.swift */; };
		87F422DC1AFDB62A00C564D9 /* Size.swift in Sources */ = {isa = PBXBuildFile; fileRef = 87F422DB1AFDB62A00C564D9 /* Size.swift */; };
		87F4FD3E1AE421A300953E38 /* UIViewExtension.swift in Sources */ = {isa = PBXBuildFile; fileRef = 87F4FD3D1AE421A300953E38 /* UIViewExtension.swift */; };
		87F4FD411AE421ED00953E38 /* CGRectExtension.swift in Sources */ = {isa = PBXBuildFile; fileRef = 87F4FD401AE421ED00953E38 /* CGRectExtension.swift */; };
		87F4FD431AE4222A00953E38 /* UIColorExtension.swift in Sources */ = {isa = PBXBuildFile; fileRef = 87F4FD421AE4222A00953E38 /* UIColorExtension.swift */; };
		87F771EB1B0C1C0E00889827 /* JABPanel.swift in Sources */ = {isa = PBXBuildFile; fileRef = 87F771EA1B0C1C0E00889827 /* JABPanel.swift */; };
		87F771EF1B0C1C6600889827 /* JABPaneledScrollView.swift in Sources */ = {isa = PBXBuildFile; fileRef = 87F771EE1B0C1C6600889827 /* JABPaneledScrollView.swift */; };
		87F842EE1F918426009027B9 /* CGContextExtension.swift in Sources */ = {isa = PBXBuildFile; fileRef = 87F842ED1F918426009027B9 /* CGContextExtension.swift */; };
		87F842F01F920388009027B9 /* BoolExtension.swift in Sources */ = {isa = PBXBuildFile; fileRef = 87F842EF1F920388009027B9 /* BoolExtension.swift */; };
		87FB2E2B1B522C27000E09D9 /* StringExtension.swift in Sources */ = {isa = PBXBuildFile; fileRef = 87FB2E2A1B522C27000E09D9 /* StringExtension.swift */; };
/* End PBXBuildFile section */

/* Begin PBXContainerItemProxy section */
		875444C21AE1D01C00659E6B /* PBXContainerItemProxy */ = {
			isa = PBXContainerItemProxy;
			containerPortal = 875444AC1AE1D01C00659E6B /* Project object */;
			proxyType = 1;
			remoteGlobalIDString = 875444B41AE1D01C00659E6B;
			remoteInfo = JABSwiftCore;
		};
/* End PBXContainerItemProxy section */

/* Begin PBXFileReference section */
		8701987A1AE61FCA0073BFD5 /* UIImageExtension.swift */ = {isa = PBXFileReference; fileEncoding = 4; lastKnownFileType = sourcecode.swift; path = UIImageExtension.swift; sourceTree = "<group>"; };
		870419771BE97635004DD8DF /* JABImageBank.swift */ = {isa = PBXFileReference; fileEncoding = 4; lastKnownFileType = sourcecode.swift; path = JABImageBank.swift; sourceTree = "<group>"; };
		8705209C1AEF8799008C9555 /* ArrayExtension.swift */ = {isa = PBXFileReference; fileEncoding = 4; lastKnownFileType = sourcecode.swift; path = ArrayExtension.swift; sourceTree = "<group>"; };
		870DFB821B532A9200BC76D7 /* DoubleExtension.swift */ = {isa = PBXFileReference; fileEncoding = 4; lastKnownFileType = sourcecode.swift; path = DoubleExtension.swift; sourceTree = "<group>"; };
		8712806F1B4C5D410005716F /* NSDateExtension.swift */ = {isa = PBXFileReference; fileEncoding = 4; lastKnownFileType = sourcecode.swift; path = NSDateExtension.swift; sourceTree = "<group>"; };
		87128B661AFDDC1B00D1F34A /* UIFontExtension.swift */ = {isa = PBXFileReference; fileEncoding = 4; lastKnownFileType = sourcecode.swift; path = UIFontExtension.swift; sourceTree = "<group>"; };
		8714B2951EA01D8A00B7C5FA /* CGFloatExtension.swift */ = {isa = PBXFileReference; fileEncoding = 4; lastKnownFileType = sourcecode.swift; path = CGFloatExtension.swift; sourceTree = "<group>"; };
		8721FF2A1B6ECE37000EB3CB /* JABLocationTester.swift */ = {isa = PBXFileReference; fileEncoding = 4; lastKnownFileType = sourcecode.swift; path = JABLocationTester.swift; sourceTree = "<group>"; };
		872B6A001BE1A9B600916EE8 /* SRTCamera.swift */ = {isa = PBXFileReference; fileEncoding = 4; lastKnownFileType = sourcecode.swift; path = SRTCamera.swift; sourceTree = "<group>"; };
		87389F771D4719D500F0116B /* black.jpg */ = {isa = PBXFileReference; lastKnownFileType = image.jpeg; path = black.jpg; sourceTree = "<group>"; };
		873BFA6D1B11AAA200E677F5 /* JABImagePanel.swift */ = {isa = PBXFileReference; fileEncoding = 4; lastKnownFileType = sourcecode.swift; path = JABImagePanel.swift; sourceTree = "<group>"; };
		874226F71F84CB3800C44DA5 /* CABasicAnimationExtension.swift */ = {isa = PBXFileReference; lastKnownFileType = sourcecode.swift; path = CABasicAnimationExtension.swift; sourceTree = "<group>"; };
		874DFFFF1B76C8F8002E1A32 /* MarshalOperator.swift */ = {isa = PBXFileReference; fileEncoding = 4; lastKnownFileType = sourcecode.swift; path = MarshalOperator.swift; sourceTree = "<group>"; };
		875444B51AE1D01C00659E6B /* JABSwiftCore.framework */ = {isa = PBXFileReference; explicitFileType = wrapper.framework; includeInIndex = 0; path = JABSwiftCore.framework; sourceTree = BUILT_PRODUCTS_DIR; };
		875444B91AE1D01C00659E6B /* Info.plist */ = {isa = PBXFileReference; lastKnownFileType = text.plist.xml; path = Info.plist; sourceTree = "<group>"; };
		875444BA1AE1D01C00659E6B /* JABSwiftCore.h */ = {isa = PBXFileReference; lastKnownFileType = sourcecode.c.h; path = JABSwiftCore.h; sourceTree = "<group>"; };
		875444C01AE1D01C00659E6B /* JABSwiftCoreTests.xctest */ = {isa = PBXFileReference; explicitFileType = wrapper.cfbundle; includeInIndex = 0; path = JABSwiftCoreTests.xctest; sourceTree = BUILT_PRODUCTS_DIR; };
		875444C61AE1D01C00659E6B /* Info.plist */ = {isa = PBXFileReference; lastKnownFileType = text.plist.xml; path = Info.plist; sourceTree = "<group>"; };
		875444C71AE1D01C00659E6B /* JABSwiftCoreTests.swift */ = {isa = PBXFileReference; lastKnownFileType = sourcecode.swift; path = JABSwiftCoreTests.swift; sourceTree = "<group>"; };
		875444D11AE1D02C00659E6B /* Toolkit.swift */ = {isa = PBXFileReference; fileEncoding = 4; lastKnownFileType = sourcecode.swift; path = Toolkit.swift; sourceTree = "<group>"; };
		875444D21AE1D02C00659E6B /* JABGlobalVariables.swift */ = {isa = PBXFileReference; fileEncoding = 4; lastKnownFileType = sourcecode.swift; path = JABGlobalVariables.swift; sourceTree = "<group>"; };
		875444D61AE1D03E00659E6B /* JABView.swift */ = {isa = PBXFileReference; fileEncoding = 4; lastKnownFileType = sourcecode.swift; path = JABView.swift; sourceTree = "<group>"; };
		875444D91AE1D04F00659E6B /* JABTouchableView.swift */ = {isa = PBXFileReference; fileEncoding = 4; lastKnownFileType = sourcecode.swift; path = JABTouchableView.swift; sourceTree = "<group>"; };
		875444DB1AE1D05800659E6B /* JABTouchManager.swift */ = {isa = PBXFileReference; fileEncoding = 4; lastKnownFileType = sourcecode.swift; path = JABTouchManager.swift; sourceTree = "<group>"; };
		875444DD1AE1D05E00659E6B /* JABButton.swift */ = {isa = PBXFileReference; fileEncoding = 4; lastKnownFileType = sourcecode.swift; path = JABButton.swift; sourceTree = "<group>"; };
		875444DF1AE1D06500659E6B /* JABApplicationRoot.swift */ = {isa = PBXFileReference; fileEncoding = 4; lastKnownFileType = sourcecode.swift; path = JABApplicationRoot.swift; sourceTree = "<group>"; };
		87643AB01EB07A8400D41A60 /* JABBlurLayer.swift */ = {isa = PBXFileReference; fileEncoding = 4; lastKnownFileType = sourcecode.swift; path = JABBlurLayer.swift; sourceTree = "<group>"; };
		87643AB21EB07B4600D41A60 /* JABStopwatch.swift */ = {isa = PBXFileReference; fileEncoding = 4; lastKnownFileType = sourcecode.swift; path = JABStopwatch.swift; sourceTree = "<group>"; };
		8765CE931F3FA74000E3D062 /* JABImageButton.swift */ = {isa = PBXFileReference; fileEncoding = 4; lastKnownFileType = sourcecode.swift; path = JABImageButton.swift; sourceTree = "<group>"; };
		8765CE951F3FA85A00E3D062 /* JABTextButton.swift */ = {isa = PBXFileReference; fileEncoding = 4; lastKnownFileType = sourcecode.swift; path = JABTextButton.swift; sourceTree = "<group>"; };
		87B0130C1E5698770000280E /* MutableCollectionExtension.swift */ = {isa = PBXFileReference; fileEncoding = 4; lastKnownFileType = sourcecode.swift; path = MutableCollectionExtension.swift; sourceTree = "<group>"; };
		87B013101E5698D30000280E /* SequenceExtension.swift */ = {isa = PBXFileReference; fileEncoding = 4; lastKnownFileType = sourcecode.swift; path = SequenceExtension.swift; sourceTree = "<group>"; };
		87C21BBB1AEF131300FCE515 /* CGPointExtension.swift */ = {isa = PBXFileReference; fileEncoding = 4; lastKnownFileType = sourcecode.swift; path = CGPointExtension.swift; sourceTree = "<group>"; };
		87D71C251B8BD988004E7D05 /* JABVersionNumber.swift */ = {isa = PBXFileReference; fileEncoding = 4; lastKnownFileType = sourcecode.swift; path = JABVersionNumber.swift; sourceTree = "<group>"; };
		87D997A01AF1640A0047483E /* CoreGraphics.framework */ = {isa = PBXFileReference; lastKnownFileType = wrapper.framework; name = CoreGraphics.framework; path = System/Library/Frameworks/CoreGraphics.framework; sourceTree = SDKROOT; };
		87ED41D91B1593F600B57E7B /* JABSquareImagePanel.swift */ = {isa = PBXFileReference; fileEncoding = 4; lastKnownFileType = sourcecode.swift; path = JABSquareImagePanel.swift; sourceTree = "<group>"; };
		87EE71A81AE562EF00526770 /* QuartzCore.framework */ = {isa = PBXFileReference; lastKnownFileType = wrapper.framework; name = QuartzCore.framework; path = System/Library/Frameworks/QuartzCore.framework; sourceTree = SDKROOT; };
		87EF09DC1AFCA27000BE92A4 /* PhysicalObjectProtocol.swift */ = {isa = PBXFileReference; fileEncoding = 4; lastKnownFileType = sourcecode.swift; path = PhysicalObjectProtocol.swift; sourceTree = "<group>"; };
		87F422D71AFDB1C600C564D9 /* Vector.swift */ = {isa = PBXFileReference; fileEncoding = 4; lastKnownFileType = sourcecode.swift; path = Vector.swift; sourceTree = "<group>"; };
		87F422DB1AFDB62A00C564D9 /* Size.swift */ = {isa = PBXFileReference; fileEncoding = 4; lastKnownFileType = sourcecode.swift; path = Size.swift; sourceTree = "<group>"; };
		87F4FD3D1AE421A300953E38 /* UIViewExtension.swift */ = {isa = PBXFileReference; fileEncoding = 4; lastKnownFileType = sourcecode.swift; path = UIViewExtension.swift; sourceTree = "<group>"; };
		87F4FD401AE421ED00953E38 /* CGRectExtension.swift */ = {isa = PBXFileReference; fileEncoding = 4; lastKnownFileType = sourcecode.swift; path = CGRectExtension.swift; sourceTree = "<group>"; };
		87F4FD421AE4222A00953E38 /* UIColorExtension.swift */ = {isa = PBXFileReference; fileEncoding = 4; lastKnownFileType = sourcecode.swift; path = UIColorExtension.swift; sourceTree = "<group>"; };
		87F771EA1B0C1C0E00889827 /* JABPanel.swift */ = {isa = PBXFileReference; fileEncoding = 4; lastKnownFileType = sourcecode.swift; path = JABPanel.swift; sourceTree = "<group>"; };
		87F771EE1B0C1C6600889827 /* JABPaneledScrollView.swift */ = {isa = PBXFileReference; fileEncoding = 4; lastKnownFileType = sourcecode.swift; path = JABPaneledScrollView.swift; sourceTree = "<group>"; };
		87F842ED1F918426009027B9 /* CGContextExtension.swift */ = {isa = PBXFileReference; lastKnownFileType = sourcecode.swift; path = CGContextExtension.swift; sourceTree = "<group>"; };
		87F842EF1F920388009027B9 /* BoolExtension.swift */ = {isa = PBXFileReference; lastKnownFileType = sourcecode.swift; path = BoolExtension.swift; sourceTree = "<group>"; };
		87FB2E2A1B522C27000E09D9 /* StringExtension.swift */ = {isa = PBXFileReference; fileEncoding = 4; lastKnownFileType = sourcecode.swift; path = StringExtension.swift; sourceTree = "<group>"; };
/* End PBXFileReference section */

/* Begin PBXFrameworksBuildPhase section */
		875444B11AE1D01C00659E6B /* Frameworks */ = {
			isa = PBXFrameworksBuildPhase;
			buildActionMask = 2147483647;
			files = (
				87EE71A91AE562EF00526770 /* QuartzCore.framework in Frameworks */,
			);
			runOnlyForDeploymentPostprocessing = 0;
		};
		875444BD1AE1D01C00659E6B /* Frameworks */ = {
			isa = PBXFrameworksBuildPhase;
			buildActionMask = 2147483647;
			files = (
				875444C11AE1D01C00659E6B /* JABSwiftCore.framework in Frameworks */,
			);
			runOnlyForDeploymentPostprocessing = 0;
		};
/* End PBXFrameworksBuildPhase section */

/* Begin PBXGroup section */
		870419761BE5501D004DD8DF /* Camera */ = {
			isa = PBXGroup;
			children = (
				872B6A001BE1A9B600916EE8 /* SRTCamera.swift */,
			);
			name = Camera;
			sourceTree = "<group>";
		};
		870419791BE97638004DD8DF /* Image Bank */ = {
			isa = PBXGroup;
			children = (
				870419771BE97635004DD8DF /* JABImageBank.swift */,
			);
			name = "Image Bank";
			sourceTree = "<group>";
		};
		8721FF2C1B6ECE54000EB3CB /* Location Tester */ = {
			isa = PBXGroup;
			children = (
				8721FF2A1B6ECE37000EB3CB /* JABLocationTester.swift */,
			);
			name = "Location Tester";
			sourceTree = "<group>";
		};
		8721FF2E1B6ECE7B000EB3CB /* Components */ = {
			isa = PBXGroup;
			children = (
				8721FF2C1B6ECE54000EB3CB /* Location Tester */,
			);
			name = Components;
			sourceTree = "<group>";
		};
		873BFA6F1B11AAAA00E677F5 /* Image Panel */ = {
			isa = PBXGroup;
			children = (
				873BFA6D1B11AAA200E677F5 /* JABImagePanel.swift */,
			);
			name = "Image Panel";
			sourceTree = "<group>";
		};
		873BFA701B11AAB000E677F5 /* Subclasses */ = {
			isa = PBXGroup;
			children = (
				873BFA6F1B11AAAA00E677F5 /* Image Panel */,
				87ED41DB1B15940200B57E7B /* Square Image Panel */,
			);
			name = Subclasses;
			sourceTree = "<group>";
		};
		874D00011B76C8FB002E1A32 /* Operators */ = {
			isa = PBXGroup;
			children = (
				874DFFFF1B76C8F8002E1A32 /* MarshalOperator.swift */,
			);
			name = Operators;
			sourceTree = "<group>";
		};
		875444AB1AE1D01C00659E6B = {
			isa = PBXGroup;
			children = (
				87D997A01AF1640A0047483E /* CoreGraphics.framework */,
				87EE71A81AE562EF00526770 /* QuartzCore.framework */,
				875444B71AE1D01C00659E6B /* JABSwiftCore */,
				875444C41AE1D01C00659E6B /* JABSwiftCoreTests */,
				875444B61AE1D01C00659E6B /* Products */,
			);
			sourceTree = "<group>";
		};
		875444B61AE1D01C00659E6B /* Products */ = {
			isa = PBXGroup;
			children = (
				875444B51AE1D01C00659E6B /* JABSwiftCore.framework */,
				875444C01AE1D01C00659E6B /* JABSwiftCoreTests.xctest */,
			);
			name = Products;
			sourceTree = "<group>";
		};
		875444B71AE1D01C00659E6B /* JABSwiftCore */ = {
			isa = PBXGroup;
			children = (
				875444BA1AE1D01C00659E6B /* JABSwiftCore.h */,
				875444D51AE1D03000659E6B /* General */,
				87D71C281B8BD999004E7D05 /* Comp Sci */,
				87F422D51AFDB1A000C564D9 /* Physics */,
				87F422DA1AFDB1D600C564D9 /* Math */,
				875444D81AE1D04000659E6B /* JABView */,
				875444B81AE1D01C00659E6B /* Supporting Files */,
			);
			path = JABSwiftCore;
			sourceTree = "<group>";
		};
		875444B81AE1D01C00659E6B /* Supporting Files */ = {
			isa = PBXGroup;
			children = (
				87389F771D4719D500F0116B /* black.jpg */,
				875444B91AE1D01C00659E6B /* Info.plist */,
			);
			name = "Supporting Files";
			sourceTree = "<group>";
		};
		875444C41AE1D01C00659E6B /* JABSwiftCoreTests */ = {
			isa = PBXGroup;
			children = (
				875444C71AE1D01C00659E6B /* JABSwiftCoreTests.swift */,
				875444C51AE1D01C00659E6B /* Supporting Files */,
			);
			path = JABSwiftCoreTests;
			sourceTree = "<group>";
		};
		875444C51AE1D01C00659E6B /* Supporting Files */ = {
			isa = PBXGroup;
			children = (
				875444C61AE1D01C00659E6B /* Info.plist */,
			);
			name = "Supporting Files";
			sourceTree = "<group>";
		};
		875444D51AE1D03000659E6B /* General */ = {
			isa = PBXGroup;
			children = (
				875444D11AE1D02C00659E6B /* Toolkit.swift */,
				87643AB21EB07B4600D41A60 /* JABStopwatch.swift */,
				875444D21AE1D02C00659E6B /* JABGlobalVariables.swift */,
				87F4FD3F1AE421B100953E38 /* Class Extensions */,
				874D00011B76C8FB002E1A32 /* Operators */,
			);
			name = General;
			sourceTree = "<group>";
		};
		875444D81AE1D04000659E6B /* JABView */ = {
			isa = PBXGroup;
			children = (
				875444D61AE1D03E00659E6B /* JABView.swift */,
				875444E11AE1D07300659E6B /* Subclasses */,
			);
			name = JABView;
			sourceTree = "<group>";
		};
		875444E11AE1D07300659E6B /* Subclasses */ = {
			isa = PBXGroup;
			children = (
				875444E61AE1D09500659E6B /* Touchable View */,
				875444E71AE1D09A00659E6B /* Application Root */,
				87643AAF1EB07A6C00D41A60 /* Blur Layer */,
				87F771F01B0C1C6B00889827 /* PaneledScrollView */,
				870419761BE5501D004DD8DF /* Camera */,
				870419791BE97638004DD8DF /* Image Bank */,
			);
			name = Subclasses;
			sourceTree = "<group>";
		};
		875444E21AE1D07900659E6B /* Button */ = {
			isa = PBXGroup;
			children = (
				875444DD1AE1D05E00659E6B /* JABButton.swift */,
				8765CE921F3FA72E00E3D062 /* Subclasses */,
			);
			name = Button;
			sourceTree = "<group>";
		};
		875444E31AE1D08000659E6B /* Subclasses */ = {
			isa = PBXGroup;
			children = (
				875444E21AE1D07900659E6B /* Button */,
			);
			name = Subclasses;
			sourceTree = "<group>";
		};
		875444E41AE1D08500659E6B /* Touch Manager */ = {
			isa = PBXGroup;
			children = (
				875444DB1AE1D05800659E6B /* JABTouchManager.swift */,
			);
			name = "Touch Manager";
			sourceTree = "<group>";
		};
		875444E51AE1D08B00659E6B /* Components */ = {
			isa = PBXGroup;
			children = (
				875444E41AE1D08500659E6B /* Touch Manager */,
			);
			name = Components;
			sourceTree = "<group>";
		};
		875444E61AE1D09500659E6B /* Touchable View */ = {
			isa = PBXGroup;
			children = (
				875444D91AE1D04F00659E6B /* JABTouchableView.swift */,
				875444E51AE1D08B00659E6B /* Components */,
				875444E31AE1D08000659E6B /* Subclasses */,
			);
			name = "Touchable View";
			sourceTree = "<group>";
		};
		875444E71AE1D09A00659E6B /* Application Root */ = {
			isa = PBXGroup;
			children = (
				875444DF1AE1D06500659E6B /* JABApplicationRoot.swift */,
				8721FF2E1B6ECE7B000EB3CB /* Components */,
			);
			name = "Application Root";
			sourceTree = "<group>";
		};
		87643AAF1EB07A6C00D41A60 /* Blur Layer */ = {
			isa = PBXGroup;
			children = (
				87643AB01EB07A8400D41A60 /* JABBlurLayer.swift */,
			);
			name = "Blur Layer";
			sourceTree = "<group>";
		};
		8765CE921F3FA72E00E3D062 /* Subclasses */ = {
			isa = PBXGroup;
			children = (
				8765CE931F3FA74000E3D062 /* JABImageButton.swift */,
				8765CE951F3FA85A00E3D062 /* JABTextButton.swift */,
			);
			name = Subclasses;
			sourceTree = "<group>";
		};
		87D71C271B8BD98B004E7D05 /* Version Number */ = {
			isa = PBXGroup;
			children = (
				87D71C251B8BD988004E7D05 /* JABVersionNumber.swift */,
			);
			name = "Version Number";
			sourceTree = "<group>";
		};
		87D71C281B8BD999004E7D05 /* Comp Sci */ = {
			isa = PBXGroup;
			children = (
				87D71C271B8BD98B004E7D05 /* Version Number */,
			);
			name = "Comp Sci";
			sourceTree = "<group>";
		};
		87ED41DB1B15940200B57E7B /* Square Image Panel */ = {
			isa = PBXGroup;
			children = (
				87ED41D91B1593F600B57E7B /* JABSquareImagePanel.swift */,
			);
			name = "Square Image Panel";
			sourceTree = "<group>";
		};
		87F422D51AFDB1A000C564D9 /* Physics */ = {
			isa = PBXGroup;
			children = (
				87F422D61AFDB1A900C564D9 /* Physical Object Protocol */,
				87F422DD1AFDB63800C564D9 /* Size */,
			);
			name = Physics;
			sourceTree = "<group>";
		};
		87F422D61AFDB1A900C564D9 /* Physical Object Protocol */ = {
			isa = PBXGroup;
			children = (
				87EF09DC1AFCA27000BE92A4 /* PhysicalObjectProtocol.swift */,
			);
			name = "Physical Object Protocol";
			sourceTree = "<group>";
		};
		87F422D91AFDB1CA00C564D9 /* Vector */ = {
			isa = PBXGroup;
			children = (
				87F422D71AFDB1C600C564D9 /* Vector.swift */,
			);
			name = Vector;
			sourceTree = "<group>";
		};
		87F422DA1AFDB1D600C564D9 /* Math */ = {
			isa = PBXGroup;
			children = (
				87F422D91AFDB1CA00C564D9 /* Vector */,
			);
			name = Math;
			sourceTree = "<group>";
		};
		87F422DD1AFDB63800C564D9 /* Size */ = {
			isa = PBXGroup;
			children = (
				87F422DB1AFDB62A00C564D9 /* Size.swift */,
			);
			name = Size;
			sourceTree = "<group>";
		};
		87F4FD3F1AE421B100953E38 /* Class Extensions */ = {
			isa = PBXGroup;
			children = (
				87F4FD3D1AE421A300953E38 /* UIViewExtension.swift */,
				87F4FD401AE421ED00953E38 /* CGRectExtension.swift */,
				874226F71F84CB3800C44DA5 /* CABasicAnimationExtension.swift */,
				87F4FD421AE4222A00953E38 /* UIColorExtension.swift */,
				8701987A1AE61FCA0073BFD5 /* UIImageExtension.swift */,
				87128B661AFDDC1B00D1F34A /* UIFontExtension.swift */,
				87C21BBB1AEF131300FCE515 /* CGPointExtension.swift */,
				8714B2951EA01D8A00B7C5FA /* CGFloatExtension.swift */,
				87F842ED1F918426009027B9 /* CGContextExtension.swift */,
				8705209C1AEF8799008C9555 /* ArrayExtension.swift */,
				8712806F1B4C5D410005716F /* NSDateExtension.swift */,
				87FB2E2A1B522C27000E09D9 /* StringExtension.swift */,
				870DFB821B532A9200BC76D7 /* DoubleExtension.swift */,
				87B0130C1E5698770000280E /* MutableCollectionExtension.swift */,
				87B013101E5698D30000280E /* SequenceExtension.swift */,
				87F842EF1F920388009027B9 /* BoolExtension.swift */,
			);
			name = "Class Extensions";
			sourceTree = "<group>";
		};
		87F771EC1B0C1C1800889827 /* Panel */ = {
			isa = PBXGroup;
			children = (
				87F771EA1B0C1C0E00889827 /* JABPanel.swift */,
				873BFA701B11AAB000E677F5 /* Subclasses */,
			);
			name = Panel;
			sourceTree = "<group>";
		};
		87F771ED1B0C1C2800889827 /* Components */ = {
			isa = PBXGroup;
			children = (
				87F771EC1B0C1C1800889827 /* Panel */,
			);
			name = Components;
			sourceTree = "<group>";
		};
		87F771F01B0C1C6B00889827 /* PaneledScrollView */ = {
			isa = PBXGroup;
			children = (
				87F771EE1B0C1C6600889827 /* JABPaneledScrollView.swift */,
				87F771ED1B0C1C2800889827 /* Components */,
			);
			name = PaneledScrollView;
			sourceTree = "<group>";
		};
/* End PBXGroup section */

/* Begin PBXHeadersBuildPhase section */
		875444B21AE1D01C00659E6B /* Headers */ = {
			isa = PBXHeadersBuildPhase;
			buildActionMask = 2147483647;
			files = (
				875444BB1AE1D01C00659E6B /* JABSwiftCore.h in Headers */,
			);
			runOnlyForDeploymentPostprocessing = 0;
		};
/* End PBXHeadersBuildPhase section */

/* Begin PBXNativeTarget section */
		875444B41AE1D01C00659E6B /* JABSwiftCore */ = {
			isa = PBXNativeTarget;
			buildConfigurationList = 875444CB1AE1D01C00659E6B /* Build configuration list for PBXNativeTarget "JABSwiftCore" */;
			buildPhases = (
				875444B01AE1D01C00659E6B /* Sources */,
				875444B11AE1D01C00659E6B /* Frameworks */,
				875444B21AE1D01C00659E6B /* Headers */,
				875444B31AE1D01C00659E6B /* Resources */,
			);
			buildRules = (
			);
			dependencies = (
			);
			name = JABSwiftCore;
			productName = JABSwiftCore;
			productReference = 875444B51AE1D01C00659E6B /* JABSwiftCore.framework */;
			productType = "com.apple.product-type.framework";
		};
		875444BF1AE1D01C00659E6B /* JABSwiftCoreTests */ = {
			isa = PBXNativeTarget;
			buildConfigurationList = 875444CE1AE1D01C00659E6B /* Build configuration list for PBXNativeTarget "JABSwiftCoreTests" */;
			buildPhases = (
				875444BC1AE1D01C00659E6B /* Sources */,
				875444BD1AE1D01C00659E6B /* Frameworks */,
				875444BE1AE1D01C00659E6B /* Resources */,
			);
			buildRules = (
			);
			dependencies = (
				875444C31AE1D01C00659E6B /* PBXTargetDependency */,
			);
			name = JABSwiftCoreTests;
			productName = JABSwiftCoreTests;
			productReference = 875444C01AE1D01C00659E6B /* JABSwiftCoreTests.xctest */;
			productType = "com.apple.product-type.bundle.unit-test";
		};
/* End PBXNativeTarget section */

/* Begin PBXProject section */
		875444AC1AE1D01C00659E6B /* Project object */ = {
			isa = PBXProject;
			attributes = {
				LastSwiftMigration = 0700;
				LastSwiftUpdateCheck = 0700;
				LastUpgradeCheck = 0900;
				ORGANIZATIONNAME = "Jeremy Bannister";
				TargetAttributes = {
					875444B41AE1D01C00659E6B = {
						CreatedOnToolsVersion = 6.3;
						DevelopmentTeam = H5N9FLA33R;
						LastSwiftMigration = 0900;
					};
					875444BF1AE1D01C00659E6B = {
						CreatedOnToolsVersion = 6.3;
						DevelopmentTeam = H5N9FLA33R;
						LastSwiftMigration = 0900;
					};
				};
			};
			buildConfigurationList = 875444AF1AE1D01C00659E6B /* Build configuration list for PBXProject "JABSwiftCore" */;
			compatibilityVersion = "Xcode 3.2";
			developmentRegion = English;
			hasScannedForEncodings = 0;
			knownRegions = (
				en,
			);
			mainGroup = 875444AB1AE1D01C00659E6B;
			productRefGroup = 875444B61AE1D01C00659E6B /* Products */;
			projectDirPath = "";
			projectRoot = "";
			targets = (
				875444B41AE1D01C00659E6B /* JABSwiftCore */,
				875444BF1AE1D01C00659E6B /* JABSwiftCoreTests */,
			);
		};
/* End PBXProject section */

/* Begin PBXResourcesBuildPhase section */
		875444B31AE1D01C00659E6B /* Resources */ = {
			isa = PBXResourcesBuildPhase;
			buildActionMask = 2147483647;
			files = (
				87389F781D4719D500F0116B /* black.jpg in Resources */,
			);
			runOnlyForDeploymentPostprocessing = 0;
		};
		875444BE1AE1D01C00659E6B /* Resources */ = {
			isa = PBXResourcesBuildPhase;
			buildActionMask = 2147483647;
			files = (
			);
			runOnlyForDeploymentPostprocessing = 0;
		};
/* End PBXResourcesBuildPhase section */

/* Begin PBXSourcesBuildPhase section */
		875444B01AE1D01C00659E6B /* Sources */ = {
			isa = PBXSourcesBuildPhase;
			buildActionMask = 2147483647;
			files = (
				870DFB831B532A9200BC76D7 /* DoubleExtension.swift in Sources */,
				87ED41DA1B1593F600B57E7B /* JABSquareImagePanel.swift in Sources */,
				87F422DC1AFDB62A00C564D9 /* Size.swift in Sources */,
				87B013111E5698D30000280E /* SequenceExtension.swift in Sources */,
				8721FF2B1B6ECE37000EB3CB /* JABLocationTester.swift in Sources */,
				875444DA1AE1D04F00659E6B /* JABTouchableView.swift in Sources */,
				87128B671AFDDC1C00D1F34A /* UIFontExtension.swift in Sources */,
				87643AB31EB07B4600D41A60 /* JABStopwatch.swift in Sources */,
				875444D41AE1D02C00659E6B /* JABGlobalVariables.swift in Sources */,
				87C21BBC1AEF131300FCE515 /* CGPointExtension.swift in Sources */,
				875444DC1AE1D05800659E6B /* JABTouchManager.swift in Sources */,
				875444E01AE1D06500659E6B /* JABApplicationRoot.swift in Sources */,
				871280701B4C5D410005716F /* NSDateExtension.swift in Sources */,
				87EF09DD1AFCA27100BE92A4 /* PhysicalObjectProtocol.swift in Sources */,
				872B6A011BE1A9B600916EE8 /* SRTCamera.swift in Sources */,
				8714B2961EA01D8A00B7C5FA /* CGFloatExtension.swift in Sources */,
				874226F81F84CB3800C44DA5 /* CABasicAnimationExtension.swift in Sources */,
				874D00001B76C8F8002E1A32 /* MarshalOperator.swift in Sources */,
				87F842F01F920388009027B9 /* BoolExtension.swift in Sources */,
				87643AB11EB07A8400D41A60 /* JABBlurLayer.swift in Sources */,
				870419781BE97635004DD8DF /* JABImageBank.swift in Sources */,
				87F771EB1B0C1C0E00889827 /* JABPanel.swift in Sources */,
				87F771EF1B0C1C6600889827 /* JABPaneledScrollView.swift in Sources */,
				8701987B1AE61FCA0073BFD5 /* UIImageExtension.swift in Sources */,
				87F422D81AFDB1C600C564D9 /* Vector.swift in Sources */,
				875444D31AE1D02C00659E6B /* Toolkit.swift in Sources */,
				875444D71AE1D03E00659E6B /* JABView.swift in Sources */,
				873BFA6E1B11AAA300E677F5 /* JABImagePanel.swift in Sources */,
				87F4FD411AE421ED00953E38 /* CGRectExtension.swift in Sources */,
				87F4FD431AE4222A00953E38 /* UIColorExtension.swift in Sources */,
				8765CE941F3FA74000E3D062 /* JABImageButton.swift in Sources */,
				87D71C261B8BD988004E7D05 /* JABVersionNumber.swift in Sources */,
				87F4FD3E1AE421A300953E38 /* UIViewExtension.swift in Sources */,
				87B0130D1E5698770000280E /* MutableCollectionExtension.swift in Sources */,
				8765CE961F3FA85A00E3D062 /* JABTextButton.swift in Sources */,
				875444DE1AE1D05E00659E6B /* JABButton.swift in Sources */,
				87FB2E2B1B522C27000E09D9 /* StringExtension.swift in Sources */,
				8705209D1AEF8799008C9555 /* ArrayExtension.swift in Sources */,
				87F842EE1F918426009027B9 /* CGContextExtension.swift in Sources */,
			);
			runOnlyForDeploymentPostprocessing = 0;
		};
		875444BC1AE1D01C00659E6B /* Sources */ = {
			isa = PBXSourcesBuildPhase;
			buildActionMask = 2147483647;
			files = (
				875444C81AE1D01C00659E6B /* JABSwiftCoreTests.swift in Sources */,
			);
			runOnlyForDeploymentPostprocessing = 0;
		};
/* End PBXSourcesBuildPhase section */

/* Begin PBXTargetDependency section */
		875444C31AE1D01C00659E6B /* PBXTargetDependency */ = {
			isa = PBXTargetDependency;
			target = 875444B41AE1D01C00659E6B /* JABSwiftCore */;
			targetProxy = 875444C21AE1D01C00659E6B /* PBXContainerItemProxy */;
		};
/* End PBXTargetDependency section */

/* Begin XCBuildConfiguration section */
		875444C91AE1D01C00659E6B /* Debug */ = {
			isa = XCBuildConfiguration;
			buildSettings = {
				ALWAYS_SEARCH_USER_PATHS = NO;
				CLANG_CXX_LANGUAGE_STANDARD = "gnu++0x";
				CLANG_CXX_LIBRARY = "libc++";
				CLANG_ENABLE_MODULES = YES;
				CLANG_ENABLE_OBJC_ARC = YES;
				CLANG_WARN_BLOCK_CAPTURE_AUTORELEASING = YES;
				CLANG_WARN_BOOL_CONVERSION = YES;
				CLANG_WARN_COMMA = YES;
				CLANG_WARN_CONSTANT_CONVERSION = YES;
				CLANG_WARN_DIRECT_OBJC_ISA_USAGE = YES_ERROR;
				CLANG_WARN_EMPTY_BODY = YES;
				CLANG_WARN_ENUM_CONVERSION = YES;
				CLANG_WARN_INFINITE_RECURSION = YES;
				CLANG_WARN_INT_CONVERSION = YES;
				CLANG_WARN_NON_LITERAL_NULL_CONVERSION = YES;
				CLANG_WARN_OBJC_LITERAL_CONVERSION = YES;
				CLANG_WARN_OBJC_ROOT_CLASS = YES_ERROR;
				CLANG_WARN_RANGE_LOOP_ANALYSIS = YES;
				CLANG_WARN_STRICT_PROTOTYPES = YES;
				CLANG_WARN_SUSPICIOUS_MOVE = YES;
				CLANG_WARN_UNREACHABLE_CODE = YES;
				CLANG_WARN__DUPLICATE_METHOD_MATCH = YES;
				"CODE_SIGN_IDENTITY[sdk=iphoneos*]" = "iPhone Developer";
				COPY_PHASE_STRIP = NO;
				CURRENT_PROJECT_VERSION = 1;
				DEBUG_INFORMATION_FORMAT = "dwarf-with-dsym";
				ENABLE_STRICT_OBJC_MSGSEND = YES;
				ENABLE_TESTABILITY = YES;
				GCC_C_LANGUAGE_STANDARD = gnu99;
				GCC_DYNAMIC_NO_PIC = NO;
				GCC_NO_COMMON_BLOCKS = YES;
				GCC_OPTIMIZATION_LEVEL = 0;
				GCC_PREPROCESSOR_DEFINITIONS = (
					"DEBUG=1",
					"$(inherited)",
				);
				GCC_SYMBOLS_PRIVATE_EXTERN = NO;
				GCC_WARN_64_TO_32_BIT_CONVERSION = YES;
				GCC_WARN_ABOUT_RETURN_TYPE = YES_ERROR;
				GCC_WARN_UNDECLARED_SELECTOR = YES;
				GCC_WARN_UNINITIALIZED_AUTOS = YES_AGGRESSIVE;
				GCC_WARN_UNUSED_FUNCTION = YES;
				GCC_WARN_UNUSED_VARIABLE = YES;
				IPHONEOS_DEPLOYMENT_TARGET = 9.0;
				MTL_ENABLE_DEBUG_INFO = YES;
				ONLY_ACTIVE_ARCH = YES;
				SDKROOT = iphoneos;
				SWIFT_OPTIMIZATION_LEVEL = "-Onone";
				SWIFT_SWIFT3_OBJC_INFERENCE = Default;
				SWIFT_VERSION = 4.0;
				TARGETED_DEVICE_FAMILY = "1,2";
				VERSIONING_SYSTEM = "apple-generic";
				VERSION_INFO_PREFIX = "";
			};
			name = Debug;
		};
		875444CA1AE1D01C00659E6B /* Release */ = {
			isa = XCBuildConfiguration;
			buildSettings = {
				ALWAYS_SEARCH_USER_PATHS = NO;
				CLANG_CXX_LANGUAGE_STANDARD = "gnu++0x";
				CLANG_CXX_LIBRARY = "libc++";
				CLANG_ENABLE_MODULES = YES;
				CLANG_ENABLE_OBJC_ARC = YES;
				CLANG_WARN_BLOCK_CAPTURE_AUTORELEASING = YES;
				CLANG_WARN_BOOL_CONVERSION = YES;
				CLANG_WARN_COMMA = YES;
				CLANG_WARN_CONSTANT_CONVERSION = YES;
				CLANG_WARN_DIRECT_OBJC_ISA_USAGE = YES_ERROR;
				CLANG_WARN_EMPTY_BODY = YES;
				CLANG_WARN_ENUM_CONVERSION = YES;
				CLANG_WARN_INFINITE_RECURSION = YES;
				CLANG_WARN_INT_CONVERSION = YES;
				CLANG_WARN_NON_LITERAL_NULL_CONVERSION = YES;
				CLANG_WARN_OBJC_LITERAL_CONVERSION = YES;
				CLANG_WARN_OBJC_ROOT_CLASS = YES_ERROR;
				CLANG_WARN_RANGE_LOOP_ANALYSIS = YES;
				CLANG_WARN_STRICT_PROTOTYPES = YES;
				CLANG_WARN_SUSPICIOUS_MOVE = YES;
				CLANG_WARN_UNREACHABLE_CODE = YES;
				CLANG_WARN__DUPLICATE_METHOD_MATCH = YES;
				"CODE_SIGN_IDENTITY[sdk=iphoneos*]" = "iPhone Developer";
				COPY_PHASE_STRIP = NO;
				CURRENT_PROJECT_VERSION = 1;
				DEBUG_INFORMATION_FORMAT = "dwarf-with-dsym";
				ENABLE_NS_ASSERTIONS = NO;
				ENABLE_STRICT_OBJC_MSGSEND = YES;
				GCC_C_LANGUAGE_STANDARD = gnu99;
				GCC_NO_COMMON_BLOCKS = YES;
				GCC_WARN_64_TO_32_BIT_CONVERSION = YES;
				GCC_WARN_ABOUT_RETURN_TYPE = YES_ERROR;
				GCC_WARN_UNDECLARED_SELECTOR = YES;
				GCC_WARN_UNINITIALIZED_AUTOS = YES_AGGRESSIVE;
				GCC_WARN_UNUSED_FUNCTION = YES;
				GCC_WARN_UNUSED_VARIABLE = YES;
				IPHONEOS_DEPLOYMENT_TARGET = 9.0;
				MTL_ENABLE_DEBUG_INFO = NO;
				SDKROOT = iphoneos;
				SWIFT_OPTIMIZATION_LEVEL = "-Owholemodule";
				SWIFT_SWIFT3_OBJC_INFERENCE = Default;
				SWIFT_VERSION = 4.0;
				TARGETED_DEVICE_FAMILY = "1,2";
				VALIDATE_PRODUCT = YES;
				VERSIONING_SYSTEM = "apple-generic";
				VERSION_INFO_PREFIX = "";
			};
			name = Release;
		};
		875444CC1AE1D01C00659E6B /* Debug */ = {
			isa = XCBuildConfiguration;
			buildSettings = {
				ALWAYS_SEARCH_USER_PATHS = NO;
				CLANG_ENABLE_MODULES = YES;
				CODE_SIGN_IDENTITY = "iPhone Developer";
				"CODE_SIGN_IDENTITY[sdk=iphoneos*]" = "";
				DEFINES_MODULE = YES;
				DEVELOPMENT_TEAM = H5N9FLA33R;
				DYLIB_COMPATIBILITY_VERSION = 1;
				DYLIB_CURRENT_VERSION = 1;
				DYLIB_INSTALL_NAME_BASE = "@rpath";
				GCC_WARN_UNDECLARED_SELECTOR = NO;
				INFOPLIST_FILE = JABSwiftCore/Info.plist;
				INSTALL_PATH = "$(LOCAL_LIBRARY_DIR)/Frameworks";
				IPHONEOS_DEPLOYMENT_TARGET = 9.0;
				LD_RUNPATH_SEARCH_PATHS = "$(inherited) @executable_path/Frameworks @loader_path/Frameworks";
				ONLY_ACTIVE_ARCH = NO;
				PRODUCT_BUNDLE_IDENTIFIER = "JAB.$(PRODUCT_NAME:rfc1034identifier)";
				PRODUCT_NAME = "$(TARGET_NAME)";
				PROVISIONING_PROFILE = "";
				SKIP_INSTALL = YES;
				SWIFT_OPTIMIZATION_LEVEL = "-Onone";
				SWIFT_SWIFT3_OBJC_INFERENCE = Default;
				SWIFT_VERSION = 4.0;
			};
			name = Debug;
		};
		875444CD1AE1D01C00659E6B /* Release */ = {
			isa = XCBuildConfiguration;
			buildSettings = {
				ALWAYS_SEARCH_USER_PATHS = NO;
				CLANG_ENABLE_MODULES = YES;
				CODE_SIGN_IDENTITY = "iPhone Developer";
				"CODE_SIGN_IDENTITY[sdk=iphoneos*]" = "";
				DEFINES_MODULE = YES;
				DEVELOPMENT_TEAM = H5N9FLA33R;
				DYLIB_COMPATIBILITY_VERSION = 1;
				DYLIB_CURRENT_VERSION = 1;
				DYLIB_INSTALL_NAME_BASE = "@rpath";
				GCC_WARN_UNDECLARED_SELECTOR = NO;
				INFOPLIST_FILE = JABSwiftCore/Info.plist;
				INSTALL_PATH = "$(LOCAL_LIBRARY_DIR)/Frameworks";
				IPHONEOS_DEPLOYMENT_TARGET = 9.0;
				LD_RUNPATH_SEARCH_PATHS = "$(inherited) @executable_path/Frameworks @loader_path/Frameworks";
				PRODUCT_BUNDLE_IDENTIFIER = "JAB.$(PRODUCT_NAME:rfc1034identifier)";
				PRODUCT_NAME = "$(TARGET_NAME)";
				PROVISIONING_PROFILE = "";
				SKIP_INSTALL = YES;
				SWIFT_SWIFT3_OBJC_INFERENCE = Default;
				SWIFT_VERSION = 4.0;
			};
			name = Release;
		};
		875444CF1AE1D01C00659E6B /* Debug */ = {
			isa = XCBuildConfiguration;
			buildSettings = {
				ALWAYS_SEARCH_USER_PATHS = NO;
				DEVELOPMENT_TEAM = H5N9FLA33R;
				FRAMEWORK_SEARCH_PATHS = "$(inherited)";
				GCC_PREPROCESSOR_DEFINITIONS = (
					"DEBUG=1",
					"$(inherited)",
				);
				INFOPLIST_FILE = JABSwiftCoreTests/Info.plist;
				LD_RUNPATH_SEARCH_PATHS = "$(inherited) @executable_path/Frameworks @loader_path/Frameworks";
				PRODUCT_BUNDLE_IDENTIFIER = "JAB.$(PRODUCT_NAME:rfc1034identifier)";
				PRODUCT_NAME = "$(TARGET_NAME)";
				SWIFT_SWIFT3_OBJC_INFERENCE = Default;
				SWIFT_VERSION = 4.0;
			};
			name = Debug;
		};
		875444D01AE1D01C00659E6B /* Release */ = {
			isa = XCBuildConfiguration;
			buildSettings = {
				ALWAYS_SEARCH_USER_PATHS = NO;
				DEVELOPMENT_TEAM = H5N9FLA33R;
				FRAMEWORK_SEARCH_PATHS = "$(inherited)";
				INFOPLIST_FILE = JABSwiftCoreTests/Info.plist;
				LD_RUNPATH_SEARCH_PATHS = "$(inherited) @executable_path/Frameworks @loader_path/Frameworks";
				PRODUCT_BUNDLE_IDENTIFIER = "JAB.$(PRODUCT_NAME:rfc1034identifier)";
				PRODUCT_NAME = "$(TARGET_NAME)";
				SWIFT_SWIFT3_OBJC_INFERENCE = Default;
				SWIFT_VERSION = 4.0;
			};
			name = Release;
		};
/* End XCBuildConfiguration section */

/* Begin XCConfigurationList section */
		875444AF1AE1D01C00659E6B /* Build configuration list for PBXProject "JABSwiftCore" */ = {
			isa = XCConfigurationList;
			buildConfigurations = (
				875444C91AE1D01C00659E6B /* Debug */,
				875444CA1AE1D01C00659E6B /* Release */,
			);
			defaultConfigurationIsVisible = 0;
			defaultConfigurationName = Release;
		};
		875444CB1AE1D01C00659E6B /* Build configuration list for PBXNativeTarget "JABSwiftCore" */ = {
			isa = XCConfigurationList;
			buildConfigurations = (
				875444CC1AE1D01C00659E6B /* Debug */,
				875444CD1AE1D01C00659E6B /* Release */,
			);
			defaultConfigurationIsVisible = 0;
			defaultConfigurationName = Release;
		};
		875444CE1AE1D01C00659E6B /* Build configuration list for PBXNativeTarget "JABSwiftCoreTests" */ = {
			isa = XCConfigurationList;
			buildConfigurations = (
				875444CF1AE1D01C00659E6B /* Debug */,
				875444D01AE1D01C00659E6B /* Release */,
			);
			defaultConfigurationIsVisible = 0;
			defaultConfigurationName = Release;
		};
/* End XCConfigurationList section */
	};
	rootObject = 875444AC1AE1D01C00659E6B /* Project object */;
}
